Microsoft Visual Studio Solution File, Format Version 12.00
# Visual Studio 15
VisualStudioVersion = 15.0.27130.2003
MinimumVisualStudioVersion = 10.0.40219.1
Project("{9A19103F-16F7-4668-BE54-9A1E7A4F7556}") = "MonkeyCache", "MonkeyCache\MonkeyCache.csproj", "{EA91CB9D-339A-410E-8EF0-8B765D3BFE3C}"
EndProject
Project("{2150E333-8FDC-42A3-9474-1A3956D46DE8}") = "Solution Items", "Solution Items", "{C6A331DA-BE42-4E98-AAAB-B246225B669E}"
	ProjectSection(SolutionItems) = preProject
		..\LICENSE = ..\LICENSE
		..\README.md = ..\README.md
	EndProjectSection
EndProject
Project("{9A19103F-16F7-4668-BE54-9A1E7A4F7556}") = "MonkeyCache.Tests", "MonkeyCache.Tests\MonkeyCache.Tests.csproj", "{8F2C43E8-9618-4733-A0A8-5DE90782DF0F}"
EndProject
Project("{D954291E-2A0B-460D-934E-DC6B0785DB48}") = "MonkeyCache.Shared", "MonkeyCache.Shared\MonkeyCache.Shared.shproj", "{E0C1434C-0663-4C0B-B35D-E88F4DE2A608}"
EndProject
Project("{9A19103F-16F7-4668-BE54-9A1E7A4F7556}") = "MonkeyCache.LiteDB", "MonkeyCache.LiteDB\MonkeyCache.LiteDB.csproj", "{A92C8CD7-6A47-4969-BEFA-0919561F3947}"
EndProject
Project("{2150E333-8FDC-42A3-9474-1A3956D46DE8}") = "Tests", "Tests", "{8401CC77-D72B-40D4-85E2-C699DBACB397}"
EndProject
Project("{9A19103F-16F7-4668-BE54-9A1E7A4F7556}") = "MonkeyCache.TestsLiteDB", "MonkeyCache.TestsLiteDB\MonkeyCache.TestsLiteDB.csproj", "{7D31449F-EC13-44F5-8AA8-0C5CC928FBD9}"
EndProject
Project("{D954291E-2A0B-460D-934E-DC6B0785DB48}") = "MonkeyCache.TestsShared", "MonkeyCache.TestsShared\MonkeyCache.TestsShared.shproj", "{4B54B117-44FE-46F9-977E-7D5772DA5D3F}"
EndProject
Global
	GlobalSection(SharedMSBuildProjectFiles) = preSolution
		MonkeyCache.TestsShared\MonkeyCache.TestsShared.projitems*{4b54b117-44fe-46f9-977e-7d5772da5d3f}*SharedItemsImports = 13
		MonkeyCache.Shared\MonkeyCache.Shared.projitems*{e0c1434c-0663-4c0b-b35d-e88f4de2a608}*SharedItemsImports = 13
	EndGlobalSection
	GlobalSection(SolutionConfigurationPlatforms) = preSolution
		Ad-Hoc|Any CPU = Ad-Hoc|Any CPU
		Ad-Hoc|ARM = Ad-Hoc|ARM
		Ad-Hoc|iPhone = Ad-Hoc|iPhone
		Ad-Hoc|iPhoneSimulator = Ad-Hoc|iPhoneSimulator
		Ad-Hoc|x64 = Ad-Hoc|x64
		Ad-Hoc|x86 = Ad-Hoc|x86
		AppStore|Any CPU = AppStore|Any CPU
		AppStore|ARM = AppStore|ARM
		AppStore|iPhone = AppStore|iPhone
		AppStore|iPhoneSimulator = AppStore|iPhoneSimulator
		AppStore|x64 = AppStore|x64
		AppStore|x86 = AppStore|x86
		Debug|Any CPU = Debug|Any CPU
		Debug|ARM = Debug|ARM
		Debug|iPhone = Debug|iPhone
		Debug|iPhoneSimulator = Debug|iPhoneSimulator
		Debug|x64 = Debug|x64
		Debug|x86 = Debug|x86
		Release|Any CPU = Release|Any CPU
		Release|ARM = Release|ARM
		Release|iPhone = Release|iPhone
		Release|iPhoneSimulator = Release|iPhoneSimulator
		Release|x64 = Release|x64
		Release|x86 = Release|x86
	EndGlobalSection
	GlobalSection(ProjectConfigurationPlatforms) = postSolution
		{EA91CB9D-339A-410E-8EF0-8B765D3BFE3C}.Ad-Hoc|Any CPU.ActiveCfg = Release|Any CPU
		{EA91CB9D-339A-410E-8EF0-8B765D3BFE3C}.Ad-Hoc|Any CPU.Build.0 = Release|Any CPU
		{EA91CB9D-339A-410E-8EF0-8B765D3BFE3C}.Ad-Hoc|ARM.ActiveCfg = Release|Any CPU
		{EA91CB9D-339A-410E-8EF0-8B765D3BFE3C}.Ad-Hoc|ARM.Build.0 = Release|Any CPU
		{EA91CB9D-339A-410E-8EF0-8B765D3BFE3C}.Ad-Hoc|iPhone.ActiveCfg = Release|Any CPU
		{EA91CB9D-339A-410E-8EF0-8B765D3BFE3C}.Ad-Hoc|iPhone.Build.0 = Release|Any CPU
		{EA91CB9D-339A-410E-8EF0-8B765D3BFE3C}.Ad-Hoc|iPhoneSimulator.ActiveCfg = Release|Any CPU
		{EA91CB9D-339A-410E-8EF0-8B765D3BFE3C}.Ad-Hoc|iPhoneSimulator.Build.0 = Release|Any CPU
		{EA91CB9D-339A-410E-8EF0-8B765D3BFE3C}.Ad-Hoc|x64.ActiveCfg = Release|Any CPU
		{EA91CB9D-339A-410E-8EF0-8B765D3BFE3C}.Ad-Hoc|x64.Build.0 = Release|Any CPU
		{EA91CB9D-339A-410E-8EF0-8B765D3BFE3C}.Ad-Hoc|x86.ActiveCfg = Release|Any CPU
		{EA91CB9D-339A-410E-8EF0-8B765D3BFE3C}.Ad-Hoc|x86.Build.0 = Release|Any CPU
		{EA91CB9D-339A-410E-8EF0-8B765D3BFE3C}.AppStore|Any CPU.ActiveCfg = Release|Any CPU
		{EA91CB9D-339A-410E-8EF0-8B765D3BFE3C}.AppStore|Any CPU.Build.0 = Release|Any CPU
		{EA91CB9D-339A-410E-8EF0-8B765D3BFE3C}.AppStore|ARM.ActiveCfg = Release|Any CPU
		{EA91CB9D-339A-410E-8EF0-8B765D3BFE3C}.AppStore|ARM.Build.0 = Release|Any CPU
		{EA91CB9D-339A-410E-8EF0-8B765D3BFE3C}.AppStore|iPhone.ActiveCfg = Release|Any CPU
		{EA91CB9D-339A-410E-8EF0-8B765D3BFE3C}.AppStore|iPhone.Build.0 = Release|Any CPU
		{EA91CB9D-339A-410E-8EF0-8B765D3BFE3C}.AppStore|iPhoneSimulator.ActiveCfg = Release|Any CPU
		{EA91CB9D-339A-410E-8EF0-8B765D3BFE3C}.AppStore|iPhoneSimulator.Build.0 = Release|Any CPU
		{EA91CB9D-339A-410E-8EF0-8B765D3BFE3C}.AppStore|x64.ActiveCfg = Release|Any CPU
		{EA91CB9D-339A-410E-8EF0-8B765D3BFE3C}.AppStore|x64.Build.0 = Release|Any CPU
		{EA91CB9D-339A-410E-8EF0-8B765D3BFE3C}.AppStore|x86.ActiveCfg = Release|Any CPU
		{EA91CB9D-339A-410E-8EF0-8B765D3BFE3C}.AppStore|x86.Build.0 = Release|Any CPU
		{EA91CB9D-339A-410E-8EF0-8B765D3BFE3C}.Debug|Any CPU.ActiveCfg = Debug|Any CPU
		{EA91CB9D-339A-410E-8EF0-8B765D3BFE3C}.Debug|Any CPU.Build.0 = Debug|Any CPU
		{EA91CB9D-339A-410E-8EF0-8B765D3BFE3C}.Debug|ARM.ActiveCfg = Debug|Any CPU
		{EA91CB9D-339A-410E-8EF0-8B765D3BFE3C}.Debug|ARM.Build.0 = Debug|Any CPU
		{EA91CB9D-339A-410E-8EF0-8B765D3BFE3C}.Debug|iPhone.ActiveCfg = Debug|Any CPU
		{EA91CB9D-339A-410E-8EF0-8B765D3BFE3C}.Debug|iPhone.Build.0 = Debug|Any CPU
		{EA91CB9D-339A-410E-8EF0-8B765D3BFE3C}.Debug|iPhoneSimulator.ActiveCfg = Debug|Any CPU
		{EA91CB9D-339A-410E-8EF0-8B765D3BFE3C}.Debug|iPhoneSimulator.Build.0 = Debug|Any CPU
		{EA91CB9D-339A-410E-8EF0-8B765D3BFE3C}.Debug|x64.ActiveCfg = Debug|Any CPU
		{EA91CB9D-339A-410E-8EF0-8B765D3BFE3C}.Debug|x64.Build.0 = Debug|Any CPU
		{EA91CB9D-339A-410E-8EF0-8B765D3BFE3C}.Debug|x86.ActiveCfg = Debug|Any CPU
		{EA91CB9D-339A-410E-8EF0-8B765D3BFE3C}.Debug|x86.Build.0 = Debug|Any CPU
		{EA91CB9D-339A-410E-8EF0-8B765D3BFE3C}.Release|Any CPU.ActiveCfg = Release|Any CPU
		{EA91CB9D-339A-410E-8EF0-8B765D3BFE3C}.Release|Any CPU.Build.0 = Release|Any CPU
		{EA91CB9D-339A-410E-8EF0-8B765D3BFE3C}.Release|ARM.ActiveCfg = Release|Any CPU
		{EA91CB9D-339A-410E-8EF0-8B765D3BFE3C}.Release|ARM.Build.0 = Release|Any CPU
		{EA91CB9D-339A-410E-8EF0-8B765D3BFE3C}.Release|iPhone.ActiveCfg = Release|Any CPU
		{EA91CB9D-339A-410E-8EF0-8B765D3BFE3C}.Release|iPhone.Build.0 = Release|Any CPU
		{EA91CB9D-339A-410E-8EF0-8B765D3BFE3C}.Release|iPhoneSimulator.ActiveCfg = Release|Any CPU
		{EA91CB9D-339A-410E-8EF0-8B765D3BFE3C}.Release|iPhoneSimulator.Build.0 = Release|Any CPU
		{EA91CB9D-339A-410E-8EF0-8B765D3BFE3C}.Release|x64.ActiveCfg = Release|Any CPU
		{EA91CB9D-339A-410E-8EF0-8B765D3BFE3C}.Release|x64.Build.0 = Release|Any CPU
		{EA91CB9D-339A-410E-8EF0-8B765D3BFE3C}.Release|x86.ActiveCfg = Release|Any CPU
		{EA91CB9D-339A-410E-8EF0-8B765D3BFE3C}.Release|x86.Build.0 = Release|Any CPU
		{8F2C43E8-9618-4733-A0A8-5DE90782DF0F}.Ad-Hoc|Any CPU.ActiveCfg = Release|Any CPU
		{8F2C43E8-9618-4733-A0A8-5DE90782DF0F}.Ad-Hoc|Any CPU.Build.0 = Release|Any CPU
		{8F2C43E8-9618-4733-A0A8-5DE90782DF0F}.Ad-Hoc|ARM.ActiveCfg = Release|Any CPU
		{8F2C43E8-9618-4733-A0A8-5DE90782DF0F}.Ad-Hoc|ARM.Build.0 = Release|Any CPU
		{8F2C43E8-9618-4733-A0A8-5DE90782DF0F}.Ad-Hoc|iPhone.ActiveCfg = Release|Any CPU
		{8F2C43E8-9618-4733-A0A8-5DE90782DF0F}.Ad-Hoc|iPhone.Build.0 = Release|Any CPU
		{8F2C43E8-9618-4733-A0A8-5DE90782DF0F}.Ad-Hoc|iPhoneSimulator.ActiveCfg = Release|Any CPU
		{8F2C43E8-9618-4733-A0A8-5DE90782DF0F}.Ad-Hoc|iPhoneSimulator.Build.0 = Release|Any CPU
		{8F2C43E8-9618-4733-A0A8-5DE90782DF0F}.Ad-Hoc|x64.ActiveCfg = Release|Any CPU
		{8F2C43E8-9618-4733-A0A8-5DE90782DF0F}.Ad-Hoc|x64.Build.0 = Release|Any CPU
		{8F2C43E8-9618-4733-A0A8-5DE90782DF0F}.Ad-Hoc|x86.ActiveCfg = Release|Any CPU
		{8F2C43E8-9618-4733-A0A8-5DE90782DF0F}.Ad-Hoc|x86.Build.0 = Release|Any CPU
		{8F2C43E8-9618-4733-A0A8-5DE90782DF0F}.AppStore|Any CPU.ActiveCfg = Release|Any CPU
		{8F2C43E8-9618-4733-A0A8-5DE90782DF0F}.AppStore|Any CPU.Build.0 = Release|Any CPU
		{8F2C43E8-9618-4733-A0A8-5DE90782DF0F}.AppStore|ARM.ActiveCfg = Release|Any CPU
		{8F2C43E8-9618-4733-A0A8-5DE90782DF0F}.AppStore|ARM.Build.0 = Release|Any CPU
		{8F2C43E8-9618-4733-A0A8-5DE90782DF0F}.AppStore|iPhone.ActiveCfg = Release|Any CPU
		{8F2C43E8-9618-4733-A0A8-5DE90782DF0F}.AppStore|iPhone.Build.0 = Release|Any CPU
		{8F2C43E8-9618-4733-A0A8-5DE90782DF0F}.AppStore|iPhoneSimulator.ActiveCfg = Release|Any CPU
		{8F2C43E8-9618-4733-A0A8-5DE90782DF0F}.AppStore|iPhoneSimulator.Build.0 = Release|Any CPU
		{8F2C43E8-9618-4733-A0A8-5DE90782DF0F}.AppStore|x64.ActiveCfg = Release|Any CPU
		{8F2C43E8-9618-4733-A0A8-5DE90782DF0F}.AppStore|x64.Build.0 = Release|Any CPU
		{8F2C43E8-9618-4733-A0A8-5DE90782DF0F}.AppStore|x86.ActiveCfg = Release|Any CPU
		{8F2C43E8-9618-4733-A0A8-5DE90782DF0F}.AppStore|x86.Build.0 = Release|Any CPU
		{8F2C43E8-9618-4733-A0A8-5DE90782DF0F}.Debug|Any CPU.ActiveCfg = Debug|Any CPU
		{8F2C43E8-9618-4733-A0A8-5DE90782DF0F}.Debug|Any CPU.Build.0 = Debug|Any CPU
		{8F2C43E8-9618-4733-A0A8-5DE90782DF0F}.Debug|ARM.ActiveCfg = Debug|Any CPU
		{8F2C43E8-9618-4733-A0A8-5DE90782DF0F}.Debug|ARM.Build.0 = Debug|Any CPU
		{8F2C43E8-9618-4733-A0A8-5DE90782DF0F}.Debug|iPhone.ActiveCfg = Debug|Any CPU
		{8F2C43E8-9618-4733-A0A8-5DE90782DF0F}.Debug|iPhone.Build.0 = Debug|Any CPU
		{8F2C43E8-9618-4733-A0A8-5DE90782DF0F}.Debug|iPhoneSimulator.ActiveCfg = Debug|Any CPU
		{8F2C43E8-9618-4733-A0A8-5DE90782DF0F}.Debug|iPhoneSimulator.Build.0 = Debug|Any CPU
		{8F2C43E8-9618-4733-A0A8-5DE90782DF0F}.Debug|x64.ActiveCfg = Debug|Any CPU
		{8F2C43E8-9618-4733-A0A8-5DE90782DF0F}.Debug|x64.Build.0 = Debug|Any CPU
		{8F2C43E8-9618-4733-A0A8-5DE90782DF0F}.Debug|x86.ActiveCfg = Debug|Any CPU
		{8F2C43E8-9618-4733-A0A8-5DE90782DF0F}.Debug|x86.Build.0 = Debug|Any CPU
		{8F2C43E8-9618-4733-A0A8-5DE90782DF0F}.Release|Any CPU.ActiveCfg = Release|Any CPU
		{8F2C43E8-9618-4733-A0A8-5DE90782DF0F}.Release|Any CPU.Build.0 = Release|Any CPU
		{8F2C43E8-9618-4733-A0A8-5DE90782DF0F}.Release|ARM.ActiveCfg = Release|Any CPU
		{8F2C43E8-9618-4733-A0A8-5DE90782DF0F}.Release|ARM.Build.0 = Release|Any CPU
		{8F2C43E8-9618-4733-A0A8-5DE90782DF0F}.Release|iPhone.ActiveCfg = Release|Any CPU
		{8F2C43E8-9618-4733-A0A8-5DE90782DF0F}.Release|iPhone.Build.0 = Release|Any CPU
		{8F2C43E8-9618-4733-A0A8-5DE90782DF0F}.Release|iPhoneSimulator.ActiveCfg = Release|Any CPU
		{8F2C43E8-9618-4733-A0A8-5DE90782DF0F}.Release|iPhoneSimulator.Build.0 = Release|Any CPU
		{8F2C43E8-9618-4733-A0A8-5DE90782DF0F}.Release|x64.ActiveCfg = Release|Any CPU
		{8F2C43E8-9618-4733-A0A8-5DE90782DF0F}.Release|x64.Build.0 = Release|Any CPU
		{8F2C43E8-9618-4733-A0A8-5DE90782DF0F}.Release|x86.ActiveCfg = Release|Any CPU
		{8F2C43E8-9618-4733-A0A8-5DE90782DF0F}.Release|x86.Build.0 = Release|Any CPU
		{A92C8CD7-6A47-4969-BEFA-0919561F3947}.Ad-Hoc|Any CPU.ActiveCfg = Debug|Any CPU
		{A92C8CD7-6A47-4969-BEFA-0919561F3947}.Ad-Hoc|Any CPU.Build.0 = Debug|Any CPU
		{A92C8CD7-6A47-4969-BEFA-0919561F3947}.Ad-Hoc|ARM.ActiveCfg = Debug|Any CPU
		{A92C8CD7-6A47-4969-BEFA-0919561F3947}.Ad-Hoc|ARM.Build.0 = Debug|Any CPU
		{A92C8CD7-6A47-4969-BEFA-0919561F3947}.Ad-Hoc|iPhone.ActiveCfg = Debug|Any CPU
		{A92C8CD7-6A47-4969-BEFA-0919561F3947}.Ad-Hoc|iPhone.Build.0 = Debug|Any CPU
		{A92C8CD7-6A47-4969-BEFA-0919561F3947}.Ad-Hoc|iPhoneSimulator.ActiveCfg = Debug|Any CPU
		{A92C8CD7-6A47-4969-BEFA-0919561F3947}.Ad-Hoc|iPhoneSimulator.Build.0 = Debug|Any CPU
		{A92C8CD7-6A47-4969-BEFA-0919561F3947}.Ad-Hoc|x64.ActiveCfg = Debug|Any CPU
		{A92C8CD7-6A47-4969-BEFA-0919561F3947}.Ad-Hoc|x64.Build.0 = Debug|Any CPU
		{A92C8CD7-6A47-4969-BEFA-0919561F3947}.Ad-Hoc|x86.ActiveCfg = Debug|Any CPU
		{A92C8CD7-6A47-4969-BEFA-0919561F3947}.Ad-Hoc|x86.Build.0 = Debug|Any CPU
		{A92C8CD7-6A47-4969-BEFA-0919561F3947}.AppStore|Any CPU.ActiveCfg = Debug|Any CPU
		{A92C8CD7-6A47-4969-BEFA-0919561F3947}.AppStore|Any CPU.Build.0 = Debug|Any CPU
		{A92C8CD7-6A47-4969-BEFA-0919561F3947}.AppStore|ARM.ActiveCfg = Debug|Any CPU
		{A92C8CD7-6A47-4969-BEFA-0919561F3947}.AppStore|ARM.Build.0 = Debug|Any CPU
		{A92C8CD7-6A47-4969-BEFA-0919561F3947}.AppStore|iPhone.ActiveCfg = Debug|Any CPU
		{A92C8CD7-6A47-4969-BEFA-0919561F3947}.AppStore|iPhone.Build.0 = Debug|Any CPU
		{A92C8CD7-6A47-4969-BEFA-0919561F3947}.AppStore|iPhoneSimulator.ActiveCfg = Debug|Any CPU
		{A92C8CD7-6A47-4969-BEFA-0919561F3947}.AppStore|iPhoneSimulator.Build.0 = Debug|Any CPU
		{A92C8CD7-6A47-4969-BEFA-0919561F3947}.AppStore|x64.ActiveCfg = Debug|Any CPU
		{A92C8CD7-6A47-4969-BEFA-0919561F3947}.AppStore|x64.Build.0 = Debug|Any CPU
		{A92C8CD7-6A47-4969-BEFA-0919561F3947}.AppStore|x86.ActiveCfg = Debug|Any CPU
		{A92C8CD7-6A47-4969-BEFA-0919561F3947}.AppStore|x86.Build.0 = Debug|Any CPU
		{A92C8CD7-6A47-4969-BEFA-0919561F3947}.Debug|Any CPU.ActiveCfg = Debug|Any CPU
		{A92C8CD7-6A47-4969-BEFA-0919561F3947}.Debug|Any CPU.Build.0 = Debug|Any CPU
		{A92C8CD7-6A47-4969-BEFA-0919561F3947}.Debug|ARM.ActiveCfg = Debug|Any CPU
		{A92C8CD7-6A47-4969-BEFA-0919561F3947}.Debug|ARM.Build.0 = Debug|Any CPU
		{A92C8CD7-6A47-4969-BEFA-0919561F3947}.Debug|iPhone.ActiveCfg = Debug|Any CPU
		{A92C8CD7-6A47-4969-BEFA-0919561F3947}.Debug|iPhone.Build.0 = Debug|Any CPU
		{A92C8CD7-6A47-4969-BEFA-0919561F3947}.Debug|iPhoneSimulator.ActiveCfg = Debug|Any CPU
		{A92C8CD7-6A47-4969-BEFA-0919561F3947}.Debug|iPhoneSimulator.Build.0 = Debug|Any CPU
		{A92C8CD7-6A47-4969-BEFA-0919561F3947}.Debug|x64.ActiveCfg = Debug|Any CPU
		{A92C8CD7-6A47-4969-BEFA-0919561F3947}.Debug|x64.Build.0 = Debug|Any CPU
		{A92C8CD7-6A47-4969-BEFA-0919561F3947}.Debug|x86.ActiveCfg = Debug|Any CPU
		{A92C8CD7-6A47-4969-BEFA-0919561F3947}.Debug|x86.Build.0 = Debug|Any CPU
		{A92C8CD7-6A47-4969-BEFA-0919561F3947}.Release|Any CPU.ActiveCfg = Release|Any CPU
		{A92C8CD7-6A47-4969-BEFA-0919561F3947}.Release|Any CPU.Build.0 = Release|Any CPU
		{A92C8CD7-6A47-4969-BEFA-0919561F3947}.Release|ARM.ActiveCfg = Release|Any CPU
		{A92C8CD7-6A47-4969-BEFA-0919561F3947}.Release|ARM.Build.0 = Release|Any CPU
		{A92C8CD7-6A47-4969-BEFA-0919561F3947}.Release|iPhone.ActiveCfg = Release|Any CPU
		{A92C8CD7-6A47-4969-BEFA-0919561F3947}.Release|iPhone.Build.0 = Release|Any CPU
		{A92C8CD7-6A47-4969-BEFA-0919561F3947}.Release|iPhoneSimulator.ActiveCfg = Release|Any CPU
		{A92C8CD7-6A47-4969-BEFA-0919561F3947}.Release|iPhoneSimulator.Build.0 = Release|Any CPU
		{A92C8CD7-6A47-4969-BEFA-0919561F3947}.Release|x64.ActiveCfg = Release|Any CPU
		{A92C8CD7-6A47-4969-BEFA-0919561F3947}.Release|x64.Build.0 = Release|Any CPU
		{A92C8CD7-6A47-4969-BEFA-0919561F3947}.Release|x86.ActiveCfg = Release|Any CPU
		{A92C8CD7-6A47-4969-BEFA-0919561F3947}.Release|x86.Build.0 = Release|Any CPU
		{7D31449F-EC13-44F5-8AA8-0C5CC928FBD9}.Ad-Hoc|Any CPU.ActiveCfg = Debug|Any CPU
		{7D31449F-EC13-44F5-8AA8-0C5CC928FBD9}.Ad-Hoc|Any CPU.Build.0 = Debug|Any CPU
		{7D31449F-EC13-44F5-8AA8-0C5CC928FBD9}.Ad-Hoc|ARM.ActiveCfg = Debug|Any CPU
		{7D31449F-EC13-44F5-8AA8-0C5CC928FBD9}.Ad-Hoc|ARM.Build.0 = Debug|Any CPU
		{7D31449F-EC13-44F5-8AA8-0C5CC928FBD9}.Ad-Hoc|iPhone.ActiveCfg = Debug|Any CPU
		{7D31449F-EC13-44F5-8AA8-0C5CC928FBD9}.Ad-Hoc|iPhone.Build.0 = Debug|Any CPU
		{7D31449F-EC13-44F5-8AA8-0C5CC928FBD9}.Ad-Hoc|iPhoneSimulator.ActiveCfg = Debug|Any CPU
		{7D31449F-EC13-44F5-8AA8-0C5CC928FBD9}.Ad-Hoc|iPhoneSimulator.Build.0 = Debug|Any CPU
		{7D31449F-EC13-44F5-8AA8-0C5CC928FBD9}.Ad-Hoc|x64.ActiveCfg = Debug|Any CPU
		{7D31449F-EC13-44F5-8AA8-0C5CC928FBD9}.Ad-Hoc|x64.Build.0 = Debug|Any CPU
		{7D31449F-EC13-44F5-8AA8-0C5CC928FBD9}.Ad-Hoc|x86.ActiveCfg = Debug|Any CPU
		{7D31449F-EC13-44F5-8AA8-0C5CC928FBD9}.Ad-Hoc|x86.Build.0 = Debug|Any CPU
		{7D31449F-EC13-44F5-8AA8-0C5CC928FBD9}.AppStore|Any CPU.ActiveCfg = Debug|Any CPU
		{7D31449F-EC13-44F5-8AA8-0C5CC928FBD9}.AppStore|Any CPU.Build.0 = Debug|Any CPU
		{7D31449F-EC13-44F5-8AA8-0C5CC928FBD9}.AppStore|ARM.ActiveCfg = Debug|Any CPU
		{7D31449F-EC13-44F5-8AA8-0C5CC928FBD9}.AppStore|ARM.Build.0 = Debug|Any CPU
		{7D31449F-EC13-44F5-8AA8-0C5CC928FBD9}.AppStore|iPhone.ActiveCfg = Debug|Any CPU
		{7D31449F-EC13-44F5-8AA8-0C5CC928FBD9}.AppStore|iPhone.Build.0 = Debug|Any CPU
		{7D31449F-EC13-44F5-8AA8-0C5CC928FBD9}.AppStore|iPhoneSimulator.ActiveCfg = Debug|Any CPU
		{7D31449F-EC13-44F5-8AA8-0C5CC928FBD9}.AppStore|iPhoneSimulator.Build.0 = Debug|Any CPU
		{7D31449F-EC13-44F5-8AA8-0C5CC928FBD9}.AppStore|x64.ActiveCfg = Debug|Any CPU
		{7D31449F-EC13-44F5-8AA8-0C5CC928FBD9}.AppStore|x64.Build.0 = Debug|Any CPU
		{7D31449F-EC13-44F5-8AA8-0C5CC928FBD9}.AppStore|x86.ActiveCfg = Debug|Any CPU
		{7D31449F-EC13-44F5-8AA8-0C5CC928FBD9}.AppStore|x86.Build.0 = Debug|Any CPU
		{7D31449F-EC13-44F5-8AA8-0C5CC928FBD9}.Debug|Any CPU.ActiveCfg = Debug|Any CPU
		{7D31449F-EC13-44F5-8AA8-0C5CC928FBD9}.Debug|Any CPU.Build.0 = Debug|Any CPU
		{7D31449F-EC13-44F5-8AA8-0C5CC928FBD9}.Debug|ARM.ActiveCfg = Debug|Any CPU
		{7D31449F-EC13-44F5-8AA8-0C5CC928FBD9}.Debug|ARM.Build.0 = Debug|Any CPU
		{7D31449F-EC13-44F5-8AA8-0C5CC928FBD9}.Debug|iPhone.ActiveCfg = Debug|Any CPU
		{7D31449F-EC13-44F5-8AA8-0C5CC928FBD9}.Debug|iPhone.Build.0 = Debug|Any CPU
		{7D31449F-EC13-44F5-8AA8-0C5CC928FBD9}.Debug|iPhoneSimulator.ActiveCfg = Debug|Any CPU
		{7D31449F-EC13-44F5-8AA8-0C5CC928FBD9}.Debug|iPhoneSimulator.Build.0 = Debug|Any CPU
		{7D31449F-EC13-44F5-8AA8-0C5CC928FBD9}.Debug|x64.ActiveCfg = Debug|Any CPU
		{7D31449F-EC13-44F5-8AA8-0C5CC928FBD9}.Debug|x64.Build.0 = Debug|Any CPU
		{7D31449F-EC13-44F5-8AA8-0C5CC928FBD9}.Debug|x86.ActiveCfg = Debug|Any CPU
		{7D31449F-EC13-44F5-8AA8-0C5CC928FBD9}.Debug|x86.Build.0 = Debug|Any CPU
		{7D31449F-EC13-44F5-8AA8-0C5CC928FBD9}.Release|Any CPU.ActiveCfg = Release|Any CPU
		{7D31449F-EC13-44F5-8AA8-0C5CC928FBD9}.Release|Any CPU.Build.0 = Release|Any CPU
		{7D31449F-EC13-44F5-8AA8-0C5CC928FBD9}.Release|ARM.ActiveCfg = Release|Any CPU
		{7D31449F-EC13-44F5-8AA8-0C5CC928FBD9}.Release|ARM.Build.0 = Release|Any CPU
		{7D31449F-EC13-44F5-8AA8-0C5CC928FBD9}.Release|iPhone.ActiveCfg = Release|Any CPU
		{7D31449F-EC13-44F5-8AA8-0C5CC928FBD9}.Release|iPhone.Build.0 = Release|Any CPU
		{7D31449F-EC13-44F5-8AA8-0C5CC928FBD9}.Release|iPhoneSimulator.ActiveCfg = Release|Any CPU
		{7D31449F-EC13-44F5-8AA8-0C5CC928FBD9}.Release|iPhoneSimulator.Build.0 = Release|Any CPU
		{7D31449F-EC13-44F5-8AA8-0C5CC928FBD9}.Release|x64.ActiveCfg = Release|Any CPU
		{7D31449F-EC13-44F5-8AA8-0C5CC928FBD9}.Release|x64.Build.0 = Release|Any CPU
		{7D31449F-EC13-44F5-8AA8-0C5CC928FBD9}.Release|x86.ActiveCfg = Release|Any CPU
		{7D31449F-EC13-44F5-8AA8-0C5CC928FBD9}.Release|x86.Build.0 = Release|Any CPU
	EndGlobalSection
	GlobalSection(SolutionProperties) = preSolution
		HideSolutionNode = FALSE
	EndGlobalSection
	GlobalSection(NestedProjects) = preSolution
		{8F2C43E8-9618-4733-A0A8-5DE90782DF0F} = {8401CC77-D72B-40D4-85E2-C699DBACB397}
		{7D31449F-EC13-44F5-8AA8-0C5CC928FBD9} = {8401CC77-D72B-40D4-85E2-C699DBACB397}
		{4B54B117-44FE-46F9-977E-7D5772DA5D3F} = {8401CC77-D72B-40D4-85E2-C699DBACB397}
	EndGlobalSection
	GlobalSection(ExtensibilityGlobals) = postSolution
		SolutionGuid = {B9A5B16B-3153-4FAA-B47A-EBD165657238}
	EndGlobalSection
EndGlobal
