Microsoft Visual Studio Solution File, Format Version 12.00
# Visual Studio 15
VisualStudioVersion = 15.0.27130.2010
MinimumVisualStudioVersion = 10.0.40219.1
Project("{9A19103F-16F7-4668-BE54-9A1E7A4F7556}") = "MonkeyCache.SQLite", "MonkeyCache.SQLite\MonkeyCache.SQLite.csproj", "{EA91CB9D-339A-410E-8EF0-8B765D3BFE3C}"
EndProject
Project("{2150E333-8FDC-42A3-9474-1A3956D46DE8}") = "Solution Items", "Solution Items", "{C6A331DA-BE42-4E98-AAAB-B246225B669E}"
	ProjectSection(SolutionItems) = preProject
		..\.editorconfig = ..\.editorconfig
		..\LICENSE = ..\LICENSE
		..\README.md = ..\README.md
	EndProjectSection
EndProject
Project("{9A19103F-16F7-4668-BE54-9A1E7A4F7556}") = "MonkeyCache.TestsSQLite", "MonkeyCache.TestsSQLite\MonkeyCache.TestsSQLite.csproj", "{8F2C43E8-9618-4733-A0A8-5DE90782DF0F}"
EndProject
Project("{9A19103F-16F7-4668-BE54-9A1E7A4F7556}") = "MonkeyCache.LiteDB", "MonkeyCache.LiteDB\MonkeyCache.LiteDB.csproj", "{A92C8CD7-6A47-4969-BEFA-0919561F3947}"
EndProject
Project("{2150E333-8FDC-42A3-9474-1A3956D46DE8}") = "Tests", "Tests", "{8401CC77-D72B-40D4-85E2-C699DBACB397}"
EndProject
Project("{FAE04EC0-301F-11D3-BF4B-00C04F79EFBC}") = "MonkeyCache.TestsLiteDB", "MonkeyCache.TestsLiteDB\MonkeyCache.TestsLiteDB.csproj", "{7D31449F-EC13-44F5-8AA8-0C5CC928FBD9}"
EndProject
Project("{D954291E-2A0B-460D-934E-DC6B0785DB48}") = "MonkeyCache.TestsShared", "MonkeyCache.TestsShared\MonkeyCache.TestsShared.shproj", "{4B54B117-44FE-46F9-977E-7D5772DA5D3F}"
EndProject
Project("{2150E333-8FDC-42A3-9474-1A3956D46DE8}") = "Targets", "Targets", "{34894015-719F-4F31-905E-276F6B42E86E}"
EndProject
Project("{9A19103F-16F7-4668-BE54-9A1E7A4F7556}") = "MonkeyCache", "MonkeyCache\MonkeyCache.csproj", "{9CAD910F-0E32-491F-9953-819BBA78B89F}"
EndProject
Project("{9A19103F-16F7-4668-BE54-9A1E7A4F7556}") = "MonkeyCache.FileStore", "MonkeyCache.FileStore\MonkeyCache.FileStore.csproj", "{E8A4C08D-1911-4721-9513-08C5FF0846E3}"
EndProject
Project("{D954291E-2A0B-460D-934E-DC6B0785DB48}") = "MonkeyCache.Shared", "MonkeyCache.Shared\MonkeyCache.Shared.shproj", "{E0C1434C-0663-4C0B-B35D-E88F4DE2A608}"
EndProject
Project("{2150E333-8FDC-42A3-9474-1A3956D46DE8}") = "TestApps", "TestApps", "{8770D550-16AF-47CC-8BAD-1A848E9627CD}"
EndProject
Project("{9A19103F-16F7-4668-BE54-9A1E7A4F7556}") = "MonkeyCache.TestApp", "MonkeyCache.TestApp\MonkeyCache.TestApp.csproj", "{5D12F957-A5A3-4089-B92A-5F7C8B7F3B92}"
EndProject
Project("{FAE04EC0-301F-11D3-BF4B-00C04F79EFBC}") = "MonkeyCache.TestApp.Android", "MonkeyCache.TestApp.Android\MonkeyCache.TestApp.Android.csproj", "{B2BA8943-0E18-4B33-8603-3ACD8CCAA40F}"
EndProject
Project("{9A19103F-16F7-4668-BE54-9A1E7A4F7556}") = "MonkeyCache.TestApp.AspNetCore", "MonkeyCache.TestApp.AspNetCore\MonkeyCache.TestApp.AspNetCore.csproj", "{A3119222-0737-4BD8-AE6D-466FEB68840F}"
EndProject
Project("{FAE04EC0-301F-11D3-BF4B-00C04F79EFBC}") = "MonkeyCache.TestApp.iOS", "MonkeyCache.TestApp.iOS\MonkeyCache.TestApp.iOS.csproj", "{9C15D3EB-4FB8-44C3-9F53-85A95117E566}"
EndProject
Project("{FAE04EC0-301F-11D3-BF4B-00C04F79EFBC}") = "MonkeyCache.TestApp.UWP", "MonkeyCache.TestApp.UWP\MonkeyCache.TestApp.UWP.csproj", "{FC53661D-701E-4F1F-9B3E-5ED64013E1C2}"
EndProject
Project("{FAE04EC0-301F-11D3-BF4B-00C04F79EFBC}") = "MonkeyCache.TestsFileStore", "MonkeyCache.TestsFileStore\MonkeyCache.TestsFileStore.csproj", "{F1A8B5F0-2DA6-4002-9CEB-B21F880897BD}"
EndProject
Project("{9A19103F-16F7-4668-BE54-9A1E7A4F7556}") = "MonkeyCache.Realm", "MonkeyCache.Realm\MonkeyCache.Realm.csproj", "{56A46E1D-2183-4C36-AE3A-1A27DC592DC6}"
EndProject
Project("{9A19103F-16F7-4668-BE54-9A1E7A4F7556}") = "MonkeyCache.TestsRealm", "MonkeyCache.TestsRealm\MonkeyCache.TestsRealm.csproj", "{BC17E729-776F-4E09-A7F2-F687A139DE26}"
EndProject
Global
	GlobalSection(SharedMSBuildProjectFiles) = preSolution
		MonkeyCache.TestsShared\MonkeyCache.TestsShared.projitems*{4b54b117-44fe-46f9-977e-7d5772da5d3f}*SharedItemsImports = 13
		MonkeyCache.Shared\MonkeyCache.Shared.projitems*{e0c1434c-0663-4c0b-b35d-e88f4de2a608}*SharedItemsImports = 13
	EndGlobalSection
	GlobalSection(SolutionConfigurationPlatforms) = preSolution
		Ad-Hoc|Any CPU = Ad-Hoc|Any CPU
		Ad-Hoc|ARM = Ad-Hoc|ARM
		Ad-Hoc|iPhone = Ad-Hoc|iPhone
		Ad-Hoc|iPhoneSimulator = Ad-Hoc|iPhoneSimulator
		Ad-Hoc|x64 = Ad-Hoc|x64
		Ad-Hoc|x86 = Ad-Hoc|x86
		AppStore|Any CPU = AppStore|Any CPU
		AppStore|ARM = AppStore|ARM
		AppStore|iPhone = AppStore|iPhone
		AppStore|iPhoneSimulator = AppStore|iPhoneSimulator
		AppStore|x64 = AppStore|x64
		AppStore|x86 = AppStore|x86
		Debug|Any CPU = Debug|Any CPU
		Debug|ARM = Debug|ARM
		Debug|iPhone = Debug|iPhone
		Debug|iPhoneSimulator = Debug|iPhoneSimulator
		Debug|x64 = Debug|x64
		Debug|x86 = Debug|x86
		Release|Any CPU = Release|Any CPU
		Release|ARM = Release|ARM
		Release|iPhone = Release|iPhone
		Release|iPhoneSimulator = Release|iPhoneSimulator
		Release|x64 = Release|x64
		Release|x86 = Release|x86
	EndGlobalSection
	GlobalSection(ProjectConfigurationPlatforms) = postSolution
		{EA91CB9D-339A-410E-8EF0-8B765D3BFE3C}.Ad-Hoc|Any CPU.ActiveCfg = Release|Any CPU
		{EA91CB9D-339A-410E-8EF0-8B765D3BFE3C}.Ad-Hoc|Any CPU.Build.0 = Release|Any CPU
		{EA91CB9D-339A-410E-8EF0-8B765D3BFE3C}.Ad-Hoc|ARM.ActiveCfg = Release|Any CPU
		{EA91CB9D-339A-410E-8EF0-8B765D3BFE3C}.Ad-Hoc|ARM.Build.0 = Release|Any CPU
		{EA91CB9D-339A-410E-8EF0-8B765D3BFE3C}.Ad-Hoc|iPhone.ActiveCfg = Release|Any CPU
		{EA91CB9D-339A-410E-8EF0-8B765D3BFE3C}.Ad-Hoc|iPhone.Build.0 = Release|Any CPU
		{EA91CB9D-339A-410E-8EF0-8B765D3BFE3C}.Ad-Hoc|iPhoneSimulator.ActiveCfg = Release|Any CPU
		{EA91CB9D-339A-410E-8EF0-8B765D3BFE3C}.Ad-Hoc|iPhoneSimulator.Build.0 = Release|Any CPU
		{EA91CB9D-339A-410E-8EF0-8B765D3BFE3C}.Ad-Hoc|x64.ActiveCfg = Release|Any CPU
		{EA91CB9D-339A-410E-8EF0-8B765D3BFE3C}.Ad-Hoc|x64.Build.0 = Release|Any CPU
		{EA91CB9D-339A-410E-8EF0-8B765D3BFE3C}.Ad-Hoc|x86.ActiveCfg = Release|Any CPU
		{EA91CB9D-339A-410E-8EF0-8B765D3BFE3C}.Ad-Hoc|x86.Build.0 = Release|Any CPU
		{EA91CB9D-339A-410E-8EF0-8B765D3BFE3C}.AppStore|Any CPU.ActiveCfg = Release|Any CPU
		{EA91CB9D-339A-410E-8EF0-8B765D3BFE3C}.AppStore|Any CPU.Build.0 = Release|Any CPU
		{EA91CB9D-339A-410E-8EF0-8B765D3BFE3C}.AppStore|ARM.ActiveCfg = Release|Any CPU
		{EA91CB9D-339A-410E-8EF0-8B765D3BFE3C}.AppStore|ARM.Build.0 = Release|Any CPU
		{EA91CB9D-339A-410E-8EF0-8B765D3BFE3C}.AppStore|iPhone.ActiveCfg = Release|Any CPU
		{EA91CB9D-339A-410E-8EF0-8B765D3BFE3C}.AppStore|iPhone.Build.0 = Release|Any CPU
		{EA91CB9D-339A-410E-8EF0-8B765D3BFE3C}.AppStore|iPhoneSimulator.ActiveCfg = Release|Any CPU
		{EA91CB9D-339A-410E-8EF0-8B765D3BFE3C}.AppStore|iPhoneSimulator.Build.0 = Release|Any CPU
		{EA91CB9D-339A-410E-8EF0-8B765D3BFE3C}.AppStore|x64.ActiveCfg = Release|Any CPU
		{EA91CB9D-339A-410E-8EF0-8B765D3BFE3C}.AppStore|x64.Build.0 = Release|Any CPU
		{EA91CB9D-339A-410E-8EF0-8B765D3BFE3C}.AppStore|x86.ActiveCfg = Release|Any CPU
		{EA91CB9D-339A-410E-8EF0-8B765D3BFE3C}.AppStore|x86.Build.0 = Release|Any CPU
		{EA91CB9D-339A-410E-8EF0-8B765D3BFE3C}.Debug|Any CPU.ActiveCfg = Debug|Any CPU
		{EA91CB9D-339A-410E-8EF0-8B765D3BFE3C}.Debug|Any CPU.Build.0 = Debug|Any CPU
		{EA91CB9D-339A-410E-8EF0-8B765D3BFE3C}.Debug|ARM.ActiveCfg = Debug|Any CPU
		{EA91CB9D-339A-410E-8EF0-8B765D3BFE3C}.Debug|ARM.Build.0 = Debug|Any CPU
		{EA91CB9D-339A-410E-8EF0-8B765D3BFE3C}.Debug|iPhone.ActiveCfg = Debug|Any CPU
		{EA91CB9D-339A-410E-8EF0-8B765D3BFE3C}.Debug|iPhone.Build.0 = Debug|Any CPU
		{EA91CB9D-339A-410E-8EF0-8B765D3BFE3C}.Debug|iPhoneSimulator.ActiveCfg = Debug|Any CPU
		{EA91CB9D-339A-410E-8EF0-8B765D3BFE3C}.Debug|iPhoneSimulator.Build.0 = Debug|Any CPU
		{EA91CB9D-339A-410E-8EF0-8B765D3BFE3C}.Debug|x64.ActiveCfg = Debug|Any CPU
		{EA91CB9D-339A-410E-8EF0-8B765D3BFE3C}.Debug|x64.Build.0 = Debug|Any CPU
		{EA91CB9D-339A-410E-8EF0-8B765D3BFE3C}.Debug|x86.ActiveCfg = Debug|Any CPU
		{EA91CB9D-339A-410E-8EF0-8B765D3BFE3C}.Debug|x86.Build.0 = Debug|Any CPU
		{EA91CB9D-339A-410E-8EF0-8B765D3BFE3C}.Release|Any CPU.ActiveCfg = Release|Any CPU
		{EA91CB9D-339A-410E-8EF0-8B765D3BFE3C}.Release|Any CPU.Build.0 = Release|Any CPU
		{EA91CB9D-339A-410E-8EF0-8B765D3BFE3C}.Release|ARM.ActiveCfg = Release|Any CPU
		{EA91CB9D-339A-410E-8EF0-8B765D3BFE3C}.Release|ARM.Build.0 = Release|Any CPU
		{EA91CB9D-339A-410E-8EF0-8B765D3BFE3C}.Release|iPhone.ActiveCfg = Release|Any CPU
		{EA91CB9D-339A-410E-8EF0-8B765D3BFE3C}.Release|iPhone.Build.0 = Release|Any CPU
		{EA91CB9D-339A-410E-8EF0-8B765D3BFE3C}.Release|iPhoneSimulator.ActiveCfg = Release|Any CPU
		{EA91CB9D-339A-410E-8EF0-8B765D3BFE3C}.Release|iPhoneSimulator.Build.0 = Release|Any CPU
		{EA91CB9D-339A-410E-8EF0-8B765D3BFE3C}.Release|x64.ActiveCfg = Release|Any CPU
		{EA91CB9D-339A-410E-8EF0-8B765D3BFE3C}.Release|x64.Build.0 = Release|Any CPU
		{EA91CB9D-339A-410E-8EF0-8B765D3BFE3C}.Release|x86.ActiveCfg = Release|Any CPU
		{EA91CB9D-339A-410E-8EF0-8B765D3BFE3C}.Release|x86.Build.0 = Release|Any CPU
		{8F2C43E8-9618-4733-A0A8-5DE90782DF0F}.Ad-Hoc|Any CPU.ActiveCfg = Release|Any CPU
		{8F2C43E8-9618-4733-A0A8-5DE90782DF0F}.Ad-Hoc|Any CPU.Build.0 = Release|Any CPU
		{8F2C43E8-9618-4733-A0A8-5DE90782DF0F}.Ad-Hoc|ARM.ActiveCfg = Release|Any CPU
		{8F2C43E8-9618-4733-A0A8-5DE90782DF0F}.Ad-Hoc|ARM.Build.0 = Release|Any CPU
		{8F2C43E8-9618-4733-A0A8-5DE90782DF0F}.Ad-Hoc|iPhone.ActiveCfg = Release|Any CPU
		{8F2C43E8-9618-4733-A0A8-5DE90782DF0F}.Ad-Hoc|iPhone.Build.0 = Release|Any CPU
		{8F2C43E8-9618-4733-A0A8-5DE90782DF0F}.Ad-Hoc|iPhoneSimulator.ActiveCfg = Release|Any CPU
		{8F2C43E8-9618-4733-A0A8-5DE90782DF0F}.Ad-Hoc|iPhoneSimulator.Build.0 = Release|Any CPU
		{8F2C43E8-9618-4733-A0A8-5DE90782DF0F}.Ad-Hoc|x64.ActiveCfg = Release|Any CPU
		{8F2C43E8-9618-4733-A0A8-5DE90782DF0F}.Ad-Hoc|x64.Build.0 = Release|Any CPU
		{8F2C43E8-9618-4733-A0A8-5DE90782DF0F}.Ad-Hoc|x86.ActiveCfg = Release|Any CPU
		{8F2C43E8-9618-4733-A0A8-5DE90782DF0F}.Ad-Hoc|x86.Build.0 = Release|Any CPU
		{8F2C43E8-9618-4733-A0A8-5DE90782DF0F}.AppStore|Any CPU.ActiveCfg = Release|Any CPU
		{8F2C43E8-9618-4733-A0A8-5DE90782DF0F}.AppStore|Any CPU.Build.0 = Release|Any CPU
		{8F2C43E8-9618-4733-A0A8-5DE90782DF0F}.AppStore|ARM.ActiveCfg = Release|Any CPU
		{8F2C43E8-9618-4733-A0A8-5DE90782DF0F}.AppStore|ARM.Build.0 = Release|Any CPU
		{8F2C43E8-9618-4733-A0A8-5DE90782DF0F}.AppStore|iPhone.ActiveCfg = Release|Any CPU
		{8F2C43E8-9618-4733-A0A8-5DE90782DF0F}.AppStore|iPhone.Build.0 = Release|Any CPU
		{8F2C43E8-9618-4733-A0A8-5DE90782DF0F}.AppStore|iPhoneSimulator.ActiveCfg = Release|Any CPU
		{8F2C43E8-9618-4733-A0A8-5DE90782DF0F}.AppStore|iPhoneSimulator.Build.0 = Release|Any CPU
		{8F2C43E8-9618-4733-A0A8-5DE90782DF0F}.AppStore|x64.ActiveCfg = Release|Any CPU
		{8F2C43E8-9618-4733-A0A8-5DE90782DF0F}.AppStore|x64.Build.0 = Release|Any CPU
		{8F2C43E8-9618-4733-A0A8-5DE90782DF0F}.AppStore|x86.ActiveCfg = Release|Any CPU
		{8F2C43E8-9618-4733-A0A8-5DE90782DF0F}.AppStore|x86.Build.0 = Release|Any CPU
		{8F2C43E8-9618-4733-A0A8-5DE90782DF0F}.Debug|Any CPU.ActiveCfg = Debug|Any CPU
		{8F2C43E8-9618-4733-A0A8-5DE90782DF0F}.Debug|Any CPU.Build.0 = Debug|Any CPU
		{8F2C43E8-9618-4733-A0A8-5DE90782DF0F}.Debug|ARM.ActiveCfg = Debug|Any CPU
		{8F2C43E8-9618-4733-A0A8-5DE90782DF0F}.Debug|ARM.Build.0 = Debug|Any CPU
		{8F2C43E8-9618-4733-A0A8-5DE90782DF0F}.Debug|iPhone.ActiveCfg = Debug|Any CPU
		{8F2C43E8-9618-4733-A0A8-5DE90782DF0F}.Debug|iPhone.Build.0 = Debug|Any CPU
		{8F2C43E8-9618-4733-A0A8-5DE90782DF0F}.Debug|iPhoneSimulator.ActiveCfg = Debug|Any CPU
		{8F2C43E8-9618-4733-A0A8-5DE90782DF0F}.Debug|iPhoneSimulator.Build.0 = Debug|Any CPU
		{8F2C43E8-9618-4733-A0A8-5DE90782DF0F}.Debug|x64.ActiveCfg = Debug|Any CPU
		{8F2C43E8-9618-4733-A0A8-5DE90782DF0F}.Debug|x64.Build.0 = Debug|Any CPU
		{8F2C43E8-9618-4733-A0A8-5DE90782DF0F}.Debug|x86.ActiveCfg = Debug|Any CPU
		{8F2C43E8-9618-4733-A0A8-5DE90782DF0F}.Debug|x86.Build.0 = Debug|Any CPU
		{8F2C43E8-9618-4733-A0A8-5DE90782DF0F}.Release|Any CPU.ActiveCfg = Release|Any CPU
		{8F2C43E8-9618-4733-A0A8-5DE90782DF0F}.Release|Any CPU.Build.0 = Release|Any CPU
		{8F2C43E8-9618-4733-A0A8-5DE90782DF0F}.Release|ARM.ActiveCfg = Release|Any CPU
		{8F2C43E8-9618-4733-A0A8-5DE90782DF0F}.Release|ARM.Build.0 = Release|Any CPU
		{8F2C43E8-9618-4733-A0A8-5DE90782DF0F}.Release|iPhone.ActiveCfg = Release|Any CPU
		{8F2C43E8-9618-4733-A0A8-5DE90782DF0F}.Release|iPhone.Build.0 = Release|Any CPU
		{8F2C43E8-9618-4733-A0A8-5DE90782DF0F}.Release|iPhoneSimulator.ActiveCfg = Release|Any CPU
		{8F2C43E8-9618-4733-A0A8-5DE90782DF0F}.Release|iPhoneSimulator.Build.0 = Release|Any CPU
		{8F2C43E8-9618-4733-A0A8-5DE90782DF0F}.Release|x64.ActiveCfg = Release|Any CPU
		{8F2C43E8-9618-4733-A0A8-5DE90782DF0F}.Release|x64.Build.0 = Release|Any CPU
		{8F2C43E8-9618-4733-A0A8-5DE90782DF0F}.Release|x86.ActiveCfg = Release|Any CPU
		{8F2C43E8-9618-4733-A0A8-5DE90782DF0F}.Release|x86.Build.0 = Release|Any CPU
		{A92C8CD7-6A47-4969-BEFA-0919561F3947}.Ad-Hoc|Any CPU.ActiveCfg = Debug|Any CPU
		{A92C8CD7-6A47-4969-BEFA-0919561F3947}.Ad-Hoc|Any CPU.Build.0 = Debug|Any CPU
		{A92C8CD7-6A47-4969-BEFA-0919561F3947}.Ad-Hoc|ARM.ActiveCfg = Debug|Any CPU
		{A92C8CD7-6A47-4969-BEFA-0919561F3947}.Ad-Hoc|ARM.Build.0 = Debug|Any CPU
		{A92C8CD7-6A47-4969-BEFA-0919561F3947}.Ad-Hoc|iPhone.ActiveCfg = Debug|Any CPU
		{A92C8CD7-6A47-4969-BEFA-0919561F3947}.Ad-Hoc|iPhone.Build.0 = Debug|Any CPU
		{A92C8CD7-6A47-4969-BEFA-0919561F3947}.Ad-Hoc|iPhoneSimulator.ActiveCfg = Debug|Any CPU
		{A92C8CD7-6A47-4969-BEFA-0919561F3947}.Ad-Hoc|iPhoneSimulator.Build.0 = Debug|Any CPU
		{A92C8CD7-6A47-4969-BEFA-0919561F3947}.Ad-Hoc|x64.ActiveCfg = Debug|Any CPU
		{A92C8CD7-6A47-4969-BEFA-0919561F3947}.Ad-Hoc|x64.Build.0 = Debug|Any CPU
		{A92C8CD7-6A47-4969-BEFA-0919561F3947}.Ad-Hoc|x86.ActiveCfg = Debug|Any CPU
		{A92C8CD7-6A47-4969-BEFA-0919561F3947}.Ad-Hoc|x86.Build.0 = Debug|Any CPU
		{A92C8CD7-6A47-4969-BEFA-0919561F3947}.AppStore|Any CPU.ActiveCfg = Debug|Any CPU
		{A92C8CD7-6A47-4969-BEFA-0919561F3947}.AppStore|Any CPU.Build.0 = Debug|Any CPU
		{A92C8CD7-6A47-4969-BEFA-0919561F3947}.AppStore|ARM.ActiveCfg = Debug|Any CPU
		{A92C8CD7-6A47-4969-BEFA-0919561F3947}.AppStore|ARM.Build.0 = Debug|Any CPU
		{A92C8CD7-6A47-4969-BEFA-0919561F3947}.AppStore|iPhone.ActiveCfg = Debug|Any CPU
		{A92C8CD7-6A47-4969-BEFA-0919561F3947}.AppStore|iPhone.Build.0 = Debug|Any CPU
		{A92C8CD7-6A47-4969-BEFA-0919561F3947}.AppStore|iPhoneSimulator.ActiveCfg = Debug|Any CPU
		{A92C8CD7-6A47-4969-BEFA-0919561F3947}.AppStore|iPhoneSimulator.Build.0 = Debug|Any CPU
		{A92C8CD7-6A47-4969-BEFA-0919561F3947}.AppStore|x64.ActiveCfg = Debug|Any CPU
		{A92C8CD7-6A47-4969-BEFA-0919561F3947}.AppStore|x64.Build.0 = Debug|Any CPU
		{A92C8CD7-6A47-4969-BEFA-0919561F3947}.AppStore|x86.ActiveCfg = Debug|Any CPU
		{A92C8CD7-6A47-4969-BEFA-0919561F3947}.AppStore|x86.Build.0 = Debug|Any CPU
		{A92C8CD7-6A47-4969-BEFA-0919561F3947}.Debug|Any CPU.ActiveCfg = Debug|Any CPU
		{A92C8CD7-6A47-4969-BEFA-0919561F3947}.Debug|Any CPU.Build.0 = Debug|Any CPU
		{A92C8CD7-6A47-4969-BEFA-0919561F3947}.Debug|ARM.ActiveCfg = Debug|Any CPU
		{A92C8CD7-6A47-4969-BEFA-0919561F3947}.Debug|ARM.Build.0 = Debug|Any CPU
		{A92C8CD7-6A47-4969-BEFA-0919561F3947}.Debug|iPhone.ActiveCfg = Debug|Any CPU
		{A92C8CD7-6A47-4969-BEFA-0919561F3947}.Debug|iPhone.Build.0 = Debug|Any CPU
		{A92C8CD7-6A47-4969-BEFA-0919561F3947}.Debug|iPhoneSimulator.ActiveCfg = Debug|Any CPU
		{A92C8CD7-6A47-4969-BEFA-0919561F3947}.Debug|iPhoneSimulator.Build.0 = Debug|Any CPU
		{A92C8CD7-6A47-4969-BEFA-0919561F3947}.Debug|x64.ActiveCfg = Debug|Any CPU
		{A92C8CD7-6A47-4969-BEFA-0919561F3947}.Debug|x64.Build.0 = Debug|Any CPU
		{A92C8CD7-6A47-4969-BEFA-0919561F3947}.Debug|x86.ActiveCfg = Debug|Any CPU
		{A92C8CD7-6A47-4969-BEFA-0919561F3947}.Debug|x86.Build.0 = Debug|Any CPU
		{A92C8CD7-6A47-4969-BEFA-0919561F3947}.Release|Any CPU.ActiveCfg = Release|Any CPU
		{A92C8CD7-6A47-4969-BEFA-0919561F3947}.Release|Any CPU.Build.0 = Release|Any CPU
		{A92C8CD7-6A47-4969-BEFA-0919561F3947}.Release|ARM.ActiveCfg = Release|Any CPU
		{A92C8CD7-6A47-4969-BEFA-0919561F3947}.Release|ARM.Build.0 = Release|Any CPU
		{A92C8CD7-6A47-4969-BEFA-0919561F3947}.Release|iPhone.ActiveCfg = Release|Any CPU
		{A92C8CD7-6A47-4969-BEFA-0919561F3947}.Release|iPhone.Build.0 = Release|Any CPU
		{A92C8CD7-6A47-4969-BEFA-0919561F3947}.Release|iPhoneSimulator.ActiveCfg = Release|Any CPU
		{A92C8CD7-6A47-4969-BEFA-0919561F3947}.Release|iPhoneSimulator.Build.0 = Release|Any CPU
		{A92C8CD7-6A47-4969-BEFA-0919561F3947}.Release|x64.ActiveCfg = Release|Any CPU
		{A92C8CD7-6A47-4969-BEFA-0919561F3947}.Release|x64.Build.0 = Release|Any CPU
		{A92C8CD7-6A47-4969-BEFA-0919561F3947}.Release|x86.ActiveCfg = Release|Any CPU
		{A92C8CD7-6A47-4969-BEFA-0919561F3947}.Release|x86.Build.0 = Release|Any CPU
		{7D31449F-EC13-44F5-8AA8-0C5CC928FBD9}.Ad-Hoc|Any CPU.ActiveCfg = Debug|Any CPU
		{7D31449F-EC13-44F5-8AA8-0C5CC928FBD9}.Ad-Hoc|Any CPU.Build.0 = Debug|Any CPU
		{7D31449F-EC13-44F5-8AA8-0C5CC928FBD9}.Ad-Hoc|ARM.ActiveCfg = Debug|Any CPU
		{7D31449F-EC13-44F5-8AA8-0C5CC928FBD9}.Ad-Hoc|ARM.Build.0 = Debug|Any CPU
		{7D31449F-EC13-44F5-8AA8-0C5CC928FBD9}.Ad-Hoc|iPhone.ActiveCfg = Debug|Any CPU
		{7D31449F-EC13-44F5-8AA8-0C5CC928FBD9}.Ad-Hoc|iPhone.Build.0 = Debug|Any CPU
		{7D31449F-EC13-44F5-8AA8-0C5CC928FBD9}.Ad-Hoc|iPhoneSimulator.ActiveCfg = Debug|Any CPU
		{7D31449F-EC13-44F5-8AA8-0C5CC928FBD9}.Ad-Hoc|iPhoneSimulator.Build.0 = Debug|Any CPU
		{7D31449F-EC13-44F5-8AA8-0C5CC928FBD9}.Ad-Hoc|x64.ActiveCfg = Debug|Any CPU
		{7D31449F-EC13-44F5-8AA8-0C5CC928FBD9}.Ad-Hoc|x64.Build.0 = Debug|Any CPU
		{7D31449F-EC13-44F5-8AA8-0C5CC928FBD9}.Ad-Hoc|x86.ActiveCfg = Debug|Any CPU
		{7D31449F-EC13-44F5-8AA8-0C5CC928FBD9}.Ad-Hoc|x86.Build.0 = Debug|Any CPU
		{7D31449F-EC13-44F5-8AA8-0C5CC928FBD9}.AppStore|Any CPU.ActiveCfg = Debug|Any CPU
		{7D31449F-EC13-44F5-8AA8-0C5CC928FBD9}.AppStore|Any CPU.Build.0 = Debug|Any CPU
		{7D31449F-EC13-44F5-8AA8-0C5CC928FBD9}.AppStore|ARM.ActiveCfg = Debug|Any CPU
		{7D31449F-EC13-44F5-8AA8-0C5CC928FBD9}.AppStore|ARM.Build.0 = Debug|Any CPU
		{7D31449F-EC13-44F5-8AA8-0C5CC928FBD9}.AppStore|iPhone.ActiveCfg = Debug|Any CPU
		{7D31449F-EC13-44F5-8AA8-0C5CC928FBD9}.AppStore|iPhone.Build.0 = Debug|Any CPU
		{7D31449F-EC13-44F5-8AA8-0C5CC928FBD9}.AppStore|iPhoneSimulator.ActiveCfg = Debug|Any CPU
		{7D31449F-EC13-44F5-8AA8-0C5CC928FBD9}.AppStore|iPhoneSimulator.Build.0 = Debug|Any CPU
		{7D31449F-EC13-44F5-8AA8-0C5CC928FBD9}.AppStore|x64.ActiveCfg = Debug|Any CPU
		{7D31449F-EC13-44F5-8AA8-0C5CC928FBD9}.AppStore|x64.Build.0 = Debug|Any CPU
		{7D31449F-EC13-44F5-8AA8-0C5CC928FBD9}.AppStore|x86.ActiveCfg = Debug|Any CPU
		{7D31449F-EC13-44F5-8AA8-0C5CC928FBD9}.AppStore|x86.Build.0 = Debug|Any CPU
		{7D31449F-EC13-44F5-8AA8-0C5CC928FBD9}.Debug|Any CPU.ActiveCfg = Debug|Any CPU
		{7D31449F-EC13-44F5-8AA8-0C5CC928FBD9}.Debug|Any CPU.Build.0 = Debug|Any CPU
		{7D31449F-EC13-44F5-8AA8-0C5CC928FBD9}.Debug|ARM.ActiveCfg = Debug|Any CPU
		{7D31449F-EC13-44F5-8AA8-0C5CC928FBD9}.Debug|ARM.Build.0 = Debug|Any CPU
		{7D31449F-EC13-44F5-8AA8-0C5CC928FBD9}.Debug|iPhone.ActiveCfg = Debug|Any CPU
		{7D31449F-EC13-44F5-8AA8-0C5CC928FBD9}.Debug|iPhone.Build.0 = Debug|Any CPU
		{7D31449F-EC13-44F5-8AA8-0C5CC928FBD9}.Debug|iPhoneSimulator.ActiveCfg = Debug|Any CPU
		{7D31449F-EC13-44F5-8AA8-0C5CC928FBD9}.Debug|iPhoneSimulator.Build.0 = Debug|Any CPU
		{7D31449F-EC13-44F5-8AA8-0C5CC928FBD9}.Debug|x64.ActiveCfg = Debug|Any CPU
		{7D31449F-EC13-44F5-8AA8-0C5CC928FBD9}.Debug|x64.Build.0 = Debug|Any CPU
		{7D31449F-EC13-44F5-8AA8-0C5CC928FBD9}.Debug|x86.ActiveCfg = Debug|Any CPU
		{7D31449F-EC13-44F5-8AA8-0C5CC928FBD9}.Debug|x86.Build.0 = Debug|Any CPU
		{7D31449F-EC13-44F5-8AA8-0C5CC928FBD9}.Release|Any CPU.ActiveCfg = Release|Any CPU
		{7D31449F-EC13-44F5-8AA8-0C5CC928FBD9}.Release|Any CPU.Build.0 = Release|Any CPU
		{7D31449F-EC13-44F5-8AA8-0C5CC928FBD9}.Release|ARM.ActiveCfg = Release|Any CPU
		{7D31449F-EC13-44F5-8AA8-0C5CC928FBD9}.Release|ARM.Build.0 = Release|Any CPU
		{7D31449F-EC13-44F5-8AA8-0C5CC928FBD9}.Release|iPhone.ActiveCfg = Release|Any CPU
		{7D31449F-EC13-44F5-8AA8-0C5CC928FBD9}.Release|iPhone.Build.0 = Release|Any CPU
		{7D31449F-EC13-44F5-8AA8-0C5CC928FBD9}.Release|iPhoneSimulator.ActiveCfg = Release|Any CPU
		{7D31449F-EC13-44F5-8AA8-0C5CC928FBD9}.Release|iPhoneSimulator.Build.0 = Release|Any CPU
		{7D31449F-EC13-44F5-8AA8-0C5CC928FBD9}.Release|x64.ActiveCfg = Release|Any CPU
		{7D31449F-EC13-44F5-8AA8-0C5CC928FBD9}.Release|x64.Build.0 = Release|Any CPU
		{7D31449F-EC13-44F5-8AA8-0C5CC928FBD9}.Release|x86.ActiveCfg = Release|Any CPU
		{7D31449F-EC13-44F5-8AA8-0C5CC928FBD9}.Release|x86.Build.0 = Release|Any CPU
		{9CAD910F-0E32-491F-9953-819BBA78B89F}.Ad-Hoc|Any CPU.ActiveCfg = Debug|Any CPU
		{9CAD910F-0E32-491F-9953-819BBA78B89F}.Ad-Hoc|Any CPU.Build.0 = Debug|Any CPU
		{9CAD910F-0E32-491F-9953-819BBA78B89F}.Ad-Hoc|ARM.ActiveCfg = Debug|Any CPU
		{9CAD910F-0E32-491F-9953-819BBA78B89F}.Ad-Hoc|ARM.Build.0 = Debug|Any CPU
		{9CAD910F-0E32-491F-9953-819BBA78B89F}.Ad-Hoc|iPhone.ActiveCfg = Debug|Any CPU
		{9CAD910F-0E32-491F-9953-819BBA78B89F}.Ad-Hoc|iPhone.Build.0 = Debug|Any CPU
		{9CAD910F-0E32-491F-9953-819BBA78B89F}.Ad-Hoc|iPhoneSimulator.ActiveCfg = Debug|Any CPU
		{9CAD910F-0E32-491F-9953-819BBA78B89F}.Ad-Hoc|iPhoneSimulator.Build.0 = Debug|Any CPU
		{9CAD910F-0E32-491F-9953-819BBA78B89F}.Ad-Hoc|x64.ActiveCfg = Debug|Any CPU
		{9CAD910F-0E32-491F-9953-819BBA78B89F}.Ad-Hoc|x64.Build.0 = Debug|Any CPU
		{9CAD910F-0E32-491F-9953-819BBA78B89F}.Ad-Hoc|x86.ActiveCfg = Debug|Any CPU
		{9CAD910F-0E32-491F-9953-819BBA78B89F}.Ad-Hoc|x86.Build.0 = Debug|Any CPU
		{9CAD910F-0E32-491F-9953-819BBA78B89F}.AppStore|Any CPU.ActiveCfg = Debug|Any CPU
		{9CAD910F-0E32-491F-9953-819BBA78B89F}.AppStore|Any CPU.Build.0 = Debug|Any CPU
		{9CAD910F-0E32-491F-9953-819BBA78B89F}.AppStore|ARM.ActiveCfg = Debug|Any CPU
		{9CAD910F-0E32-491F-9953-819BBA78B89F}.AppStore|ARM.Build.0 = Debug|Any CPU
		{9CAD910F-0E32-491F-9953-819BBA78B89F}.AppStore|iPhone.ActiveCfg = Debug|Any CPU
		{9CAD910F-0E32-491F-9953-819BBA78B89F}.AppStore|iPhone.Build.0 = Debug|Any CPU
		{9CAD910F-0E32-491F-9953-819BBA78B89F}.AppStore|iPhoneSimulator.ActiveCfg = Debug|Any CPU
		{9CAD910F-0E32-491F-9953-819BBA78B89F}.AppStore|iPhoneSimulator.Build.0 = Debug|Any CPU
		{9CAD910F-0E32-491F-9953-819BBA78B89F}.AppStore|x64.ActiveCfg = Debug|Any CPU
		{9CAD910F-0E32-491F-9953-819BBA78B89F}.AppStore|x64.Build.0 = Debug|Any CPU
		{9CAD910F-0E32-491F-9953-819BBA78B89F}.AppStore|x86.ActiveCfg = Debug|Any CPU
		{9CAD910F-0E32-491F-9953-819BBA78B89F}.AppStore|x86.Build.0 = Debug|Any CPU
		{9CAD910F-0E32-491F-9953-819BBA78B89F}.Debug|Any CPU.ActiveCfg = Debug|Any CPU
		{9CAD910F-0E32-491F-9953-819BBA78B89F}.Debug|Any CPU.Build.0 = Debug|Any CPU
		{9CAD910F-0E32-491F-9953-819BBA78B89F}.Debug|ARM.ActiveCfg = Debug|Any CPU
		{9CAD910F-0E32-491F-9953-819BBA78B89F}.Debug|ARM.Build.0 = Debug|Any CPU
		{9CAD910F-0E32-491F-9953-819BBA78B89F}.Debug|iPhone.ActiveCfg = Debug|Any CPU
		{9CAD910F-0E32-491F-9953-819BBA78B89F}.Debug|iPhone.Build.0 = Debug|Any CPU
		{9CAD910F-0E32-491F-9953-819BBA78B89F}.Debug|iPhoneSimulator.ActiveCfg = Debug|Any CPU
		{9CAD910F-0E32-491F-9953-819BBA78B89F}.Debug|iPhoneSimulator.Build.0 = Debug|Any CPU
		{9CAD910F-0E32-491F-9953-819BBA78B89F}.Debug|x64.ActiveCfg = Debug|Any CPU
		{9CAD910F-0E32-491F-9953-819BBA78B89F}.Debug|x64.Build.0 = Debug|Any CPU
		{9CAD910F-0E32-491F-9953-819BBA78B89F}.Debug|x86.ActiveCfg = Debug|Any CPU
		{9CAD910F-0E32-491F-9953-819BBA78B89F}.Debug|x86.Build.0 = Debug|Any CPU
		{9CAD910F-0E32-491F-9953-819BBA78B89F}.Release|Any CPU.ActiveCfg = Release|Any CPU
		{9CAD910F-0E32-491F-9953-819BBA78B89F}.Release|Any CPU.Build.0 = Release|Any CPU
		{9CAD910F-0E32-491F-9953-819BBA78B89F}.Release|ARM.ActiveCfg = Release|Any CPU
		{9CAD910F-0E32-491F-9953-819BBA78B89F}.Release|ARM.Build.0 = Release|Any CPU
		{9CAD910F-0E32-491F-9953-819BBA78B89F}.Release|iPhone.ActiveCfg = Release|Any CPU
		{9CAD910F-0E32-491F-9953-819BBA78B89F}.Release|iPhone.Build.0 = Release|Any CPU
		{9CAD910F-0E32-491F-9953-819BBA78B89F}.Release|iPhoneSimulator.ActiveCfg = Release|Any CPU
		{9CAD910F-0E32-491F-9953-819BBA78B89F}.Release|iPhoneSimulator.Build.0 = Release|Any CPU
		{9CAD910F-0E32-491F-9953-819BBA78B89F}.Release|x64.ActiveCfg = Release|Any CPU
		{9CAD910F-0E32-491F-9953-819BBA78B89F}.Release|x64.Build.0 = Release|Any CPU
		{9CAD910F-0E32-491F-9953-819BBA78B89F}.Release|x86.ActiveCfg = Release|Any CPU
		{9CAD910F-0E32-491F-9953-819BBA78B89F}.Release|x86.Build.0 = Release|Any CPU
		{E8A4C08D-1911-4721-9513-08C5FF0846E3}.Ad-Hoc|Any CPU.ActiveCfg = Debug|Any CPU
		{E8A4C08D-1911-4721-9513-08C5FF0846E3}.Ad-Hoc|Any CPU.Build.0 = Debug|Any CPU
		{E8A4C08D-1911-4721-9513-08C5FF0846E3}.Ad-Hoc|ARM.ActiveCfg = Debug|Any CPU
		{E8A4C08D-1911-4721-9513-08C5FF0846E3}.Ad-Hoc|ARM.Build.0 = Debug|Any CPU
		{E8A4C08D-1911-4721-9513-08C5FF0846E3}.Ad-Hoc|iPhone.ActiveCfg = Debug|Any CPU
		{E8A4C08D-1911-4721-9513-08C5FF0846E3}.Ad-Hoc|iPhone.Build.0 = Debug|Any CPU
		{E8A4C08D-1911-4721-9513-08C5FF0846E3}.Ad-Hoc|iPhoneSimulator.ActiveCfg = Debug|Any CPU
		{E8A4C08D-1911-4721-9513-08C5FF0846E3}.Ad-Hoc|iPhoneSimulator.Build.0 = Debug|Any CPU
		{E8A4C08D-1911-4721-9513-08C5FF0846E3}.Ad-Hoc|x64.ActiveCfg = Debug|Any CPU
		{E8A4C08D-1911-4721-9513-08C5FF0846E3}.Ad-Hoc|x64.Build.0 = Debug|Any CPU
		{E8A4C08D-1911-4721-9513-08C5FF0846E3}.Ad-Hoc|x86.ActiveCfg = Debug|Any CPU
		{E8A4C08D-1911-4721-9513-08C5FF0846E3}.Ad-Hoc|x86.Build.0 = Debug|Any CPU
		{E8A4C08D-1911-4721-9513-08C5FF0846E3}.AppStore|Any CPU.ActiveCfg = Debug|Any CPU
		{E8A4C08D-1911-4721-9513-08C5FF0846E3}.AppStore|Any CPU.Build.0 = Debug|Any CPU
		{E8A4C08D-1911-4721-9513-08C5FF0846E3}.AppStore|ARM.ActiveCfg = Debug|Any CPU
		{E8A4C08D-1911-4721-9513-08C5FF0846E3}.AppStore|ARM.Build.0 = Debug|Any CPU
		{E8A4C08D-1911-4721-9513-08C5FF0846E3}.AppStore|iPhone.ActiveCfg = Debug|Any CPU
		{E8A4C08D-1911-4721-9513-08C5FF0846E3}.AppStore|iPhone.Build.0 = Debug|Any CPU
		{E8A4C08D-1911-4721-9513-08C5FF0846E3}.AppStore|iPhoneSimulator.ActiveCfg = Debug|Any CPU
		{E8A4C08D-1911-4721-9513-08C5FF0846E3}.AppStore|iPhoneSimulator.Build.0 = Debug|Any CPU
		{E8A4C08D-1911-4721-9513-08C5FF0846E3}.AppStore|x64.ActiveCfg = Debug|Any CPU
		{E8A4C08D-1911-4721-9513-08C5FF0846E3}.AppStore|x64.Build.0 = Debug|Any CPU
		{E8A4C08D-1911-4721-9513-08C5FF0846E3}.AppStore|x86.ActiveCfg = Debug|Any CPU
		{E8A4C08D-1911-4721-9513-08C5FF0846E3}.AppStore|x86.Build.0 = Debug|Any CPU
		{E8A4C08D-1911-4721-9513-08C5FF0846E3}.Debug|Any CPU.ActiveCfg = Debug|Any CPU
		{E8A4C08D-1911-4721-9513-08C5FF0846E3}.Debug|Any CPU.Build.0 = Debug|Any CPU
		{E8A4C08D-1911-4721-9513-08C5FF0846E3}.Debug|ARM.ActiveCfg = Debug|Any CPU
		{E8A4C08D-1911-4721-9513-08C5FF0846E3}.Debug|ARM.Build.0 = Debug|Any CPU
		{E8A4C08D-1911-4721-9513-08C5FF0846E3}.Debug|iPhone.ActiveCfg = Debug|Any CPU
		{E8A4C08D-1911-4721-9513-08C5FF0846E3}.Debug|iPhone.Build.0 = Debug|Any CPU
		{E8A4C08D-1911-4721-9513-08C5FF0846E3}.Debug|iPhoneSimulator.ActiveCfg = Debug|Any CPU
		{E8A4C08D-1911-4721-9513-08C5FF0846E3}.Debug|iPhoneSimulator.Build.0 = Debug|Any CPU
		{E8A4C08D-1911-4721-9513-08C5FF0846E3}.Debug|x64.ActiveCfg = Debug|Any CPU
		{E8A4C08D-1911-4721-9513-08C5FF0846E3}.Debug|x64.Build.0 = Debug|Any CPU
		{E8A4C08D-1911-4721-9513-08C5FF0846E3}.Debug|x86.ActiveCfg = Debug|Any CPU
		{E8A4C08D-1911-4721-9513-08C5FF0846E3}.Debug|x86.Build.0 = Debug|Any CPU
		{E8A4C08D-1911-4721-9513-08C5FF0846E3}.Release|Any CPU.ActiveCfg = Release|Any CPU
		{E8A4C08D-1911-4721-9513-08C5FF0846E3}.Release|Any CPU.Build.0 = Release|Any CPU
		{E8A4C08D-1911-4721-9513-08C5FF0846E3}.Release|ARM.ActiveCfg = Release|Any CPU
		{E8A4C08D-1911-4721-9513-08C5FF0846E3}.Release|ARM.Build.0 = Release|Any CPU
		{E8A4C08D-1911-4721-9513-08C5FF0846E3}.Release|iPhone.ActiveCfg = Release|Any CPU
		{E8A4C08D-1911-4721-9513-08C5FF0846E3}.Release|iPhone.Build.0 = Release|Any CPU
		{E8A4C08D-1911-4721-9513-08C5FF0846E3}.Release|iPhoneSimulator.ActiveCfg = Release|Any CPU
		{E8A4C08D-1911-4721-9513-08C5FF0846E3}.Release|iPhoneSimulator.Build.0 = Release|Any CPU
		{E8A4C08D-1911-4721-9513-08C5FF0846E3}.Release|x64.ActiveCfg = Release|Any CPU
		{E8A4C08D-1911-4721-9513-08C5FF0846E3}.Release|x64.Build.0 = Release|Any CPU
		{E8A4C08D-1911-4721-9513-08C5FF0846E3}.Release|x86.ActiveCfg = Release|Any CPU
		{E8A4C08D-1911-4721-9513-08C5FF0846E3}.Release|x86.Build.0 = Release|Any CPU
		{5D12F957-A5A3-4089-B92A-5F7C8B7F3B92}.Ad-Hoc|Any CPU.ActiveCfg = Debug|Any CPU
		{5D12F957-A5A3-4089-B92A-5F7C8B7F3B92}.Ad-Hoc|Any CPU.Build.0 = Debug|Any CPU
		{5D12F957-A5A3-4089-B92A-5F7C8B7F3B92}.Ad-Hoc|ARM.ActiveCfg = Debug|Any CPU
		{5D12F957-A5A3-4089-B92A-5F7C8B7F3B92}.Ad-Hoc|ARM.Build.0 = Debug|Any CPU
		{5D12F957-A5A3-4089-B92A-5F7C8B7F3B92}.Ad-Hoc|iPhone.ActiveCfg = Debug|Any CPU
		{5D12F957-A5A3-4089-B92A-5F7C8B7F3B92}.Ad-Hoc|iPhone.Build.0 = Debug|Any CPU
		{5D12F957-A5A3-4089-B92A-5F7C8B7F3B92}.Ad-Hoc|iPhoneSimulator.ActiveCfg = Debug|Any CPU
		{5D12F957-A5A3-4089-B92A-5F7C8B7F3B92}.Ad-Hoc|iPhoneSimulator.Build.0 = Debug|Any CPU
		{5D12F957-A5A3-4089-B92A-5F7C8B7F3B92}.Ad-Hoc|x64.ActiveCfg = Debug|Any CPU
		{5D12F957-A5A3-4089-B92A-5F7C8B7F3B92}.Ad-Hoc|x64.Build.0 = Debug|Any CPU
		{5D12F957-A5A3-4089-B92A-5F7C8B7F3B92}.Ad-Hoc|x86.ActiveCfg = Debug|Any CPU
		{5D12F957-A5A3-4089-B92A-5F7C8B7F3B92}.Ad-Hoc|x86.Build.0 = Debug|Any CPU
		{5D12F957-A5A3-4089-B92A-5F7C8B7F3B92}.AppStore|Any CPU.ActiveCfg = Debug|Any CPU
		{5D12F957-A5A3-4089-B92A-5F7C8B7F3B92}.AppStore|Any CPU.Build.0 = Debug|Any CPU
		{5D12F957-A5A3-4089-B92A-5F7C8B7F3B92}.AppStore|ARM.ActiveCfg = Debug|Any CPU
		{5D12F957-A5A3-4089-B92A-5F7C8B7F3B92}.AppStore|ARM.Build.0 = Debug|Any CPU
		{5D12F957-A5A3-4089-B92A-5F7C8B7F3B92}.AppStore|iPhone.ActiveCfg = Debug|Any CPU
		{5D12F957-A5A3-4089-B92A-5F7C8B7F3B92}.AppStore|iPhone.Build.0 = Debug|Any CPU
		{5D12F957-A5A3-4089-B92A-5F7C8B7F3B92}.AppStore|iPhoneSimulator.ActiveCfg = Debug|Any CPU
		{5D12F957-A5A3-4089-B92A-5F7C8B7F3B92}.AppStore|iPhoneSimulator.Build.0 = Debug|Any CPU
		{5D12F957-A5A3-4089-B92A-5F7C8B7F3B92}.AppStore|x64.ActiveCfg = Debug|Any CPU
		{5D12F957-A5A3-4089-B92A-5F7C8B7F3B92}.AppStore|x64.Build.0 = Debug|Any CPU
		{5D12F957-A5A3-4089-B92A-5F7C8B7F3B92}.AppStore|x86.ActiveCfg = Debug|Any CPU
		{5D12F957-A5A3-4089-B92A-5F7C8B7F3B92}.AppStore|x86.Build.0 = Debug|Any CPU
		{5D12F957-A5A3-4089-B92A-5F7C8B7F3B92}.Debug|Any CPU.ActiveCfg = Debug|Any CPU
		{5D12F957-A5A3-4089-B92A-5F7C8B7F3B92}.Debug|Any CPU.Build.0 = Debug|Any CPU
		{5D12F957-A5A3-4089-B92A-5F7C8B7F3B92}.Debug|ARM.ActiveCfg = Debug|Any CPU
		{5D12F957-A5A3-4089-B92A-5F7C8B7F3B92}.Debug|ARM.Build.0 = Debug|Any CPU
		{5D12F957-A5A3-4089-B92A-5F7C8B7F3B92}.Debug|iPhone.ActiveCfg = Debug|Any CPU
		{5D12F957-A5A3-4089-B92A-5F7C8B7F3B92}.Debug|iPhone.Build.0 = Debug|Any CPU
		{5D12F957-A5A3-4089-B92A-5F7C8B7F3B92}.Debug|iPhoneSimulator.ActiveCfg = Debug|Any CPU
		{5D12F957-A5A3-4089-B92A-5F7C8B7F3B92}.Debug|iPhoneSimulator.Build.0 = Debug|Any CPU
		{5D12F957-A5A3-4089-B92A-5F7C8B7F3B92}.Debug|x64.ActiveCfg = Debug|Any CPU
		{5D12F957-A5A3-4089-B92A-5F7C8B7F3B92}.Debug|x64.Build.0 = Debug|Any CPU
		{5D12F957-A5A3-4089-B92A-5F7C8B7F3B92}.Debug|x86.ActiveCfg = Debug|Any CPU
		{5D12F957-A5A3-4089-B92A-5F7C8B7F3B92}.Debug|x86.Build.0 = Debug|Any CPU
		{5D12F957-A5A3-4089-B92A-5F7C8B7F3B92}.Release|Any CPU.ActiveCfg = Release|Any CPU
		{5D12F957-A5A3-4089-B92A-5F7C8B7F3B92}.Release|Any CPU.Build.0 = Release|Any CPU
		{5D12F957-A5A3-4089-B92A-5F7C8B7F3B92}.Release|ARM.ActiveCfg = Release|Any CPU
		{5D12F957-A5A3-4089-B92A-5F7C8B7F3B92}.Release|ARM.Build.0 = Release|Any CPU
		{5D12F957-A5A3-4089-B92A-5F7C8B7F3B92}.Release|iPhone.ActiveCfg = Release|Any CPU
		{5D12F957-A5A3-4089-B92A-5F7C8B7F3B92}.Release|iPhone.Build.0 = Release|Any CPU
		{5D12F957-A5A3-4089-B92A-5F7C8B7F3B92}.Release|iPhoneSimulator.ActiveCfg = Release|Any CPU
		{5D12F957-A5A3-4089-B92A-5F7C8B7F3B92}.Release|iPhoneSimulator.Build.0 = Release|Any CPU
		{5D12F957-A5A3-4089-B92A-5F7C8B7F3B92}.Release|x64.ActiveCfg = Release|Any CPU
		{5D12F957-A5A3-4089-B92A-5F7C8B7F3B92}.Release|x64.Build.0 = Release|Any CPU
		{5D12F957-A5A3-4089-B92A-5F7C8B7F3B92}.Release|x86.ActiveCfg = Release|Any CPU
		{5D12F957-A5A3-4089-B92A-5F7C8B7F3B92}.Release|x86.Build.0 = Release|Any CPU
		{B2BA8943-0E18-4B33-8603-3ACD8CCAA40F}.Ad-Hoc|Any CPU.ActiveCfg = Release|Any CPU
		{B2BA8943-0E18-4B33-8603-3ACD8CCAA40F}.Ad-Hoc|Any CPU.Build.0 = Release|Any CPU
		{B2BA8943-0E18-4B33-8603-3ACD8CCAA40F}.Ad-Hoc|Any CPU.Deploy.0 = Release|Any CPU
		{B2BA8943-0E18-4B33-8603-3ACD8CCAA40F}.Ad-Hoc|ARM.ActiveCfg = Release|Any CPU
		{B2BA8943-0E18-4B33-8603-3ACD8CCAA40F}.Ad-Hoc|ARM.Build.0 = Release|Any CPU
		{B2BA8943-0E18-4B33-8603-3ACD8CCAA40F}.Ad-Hoc|ARM.Deploy.0 = Release|Any CPU
		{B2BA8943-0E18-4B33-8603-3ACD8CCAA40F}.Ad-Hoc|iPhone.ActiveCfg = Release|Any CPU
		{B2BA8943-0E18-4B33-8603-3ACD8CCAA40F}.Ad-Hoc|iPhone.Build.0 = Release|Any CPU
		{B2BA8943-0E18-4B33-8603-3ACD8CCAA40F}.Ad-Hoc|iPhone.Deploy.0 = Release|Any CPU
		{B2BA8943-0E18-4B33-8603-3ACD8CCAA40F}.Ad-Hoc|iPhoneSimulator.ActiveCfg = Release|Any CPU
		{B2BA8943-0E18-4B33-8603-3ACD8CCAA40F}.Ad-Hoc|iPhoneSimulator.Build.0 = Release|Any CPU
		{B2BA8943-0E18-4B33-8603-3ACD8CCAA40F}.Ad-Hoc|iPhoneSimulator.Deploy.0 = Release|Any CPU
		{B2BA8943-0E18-4B33-8603-3ACD8CCAA40F}.Ad-Hoc|x64.ActiveCfg = Release|Any CPU
		{B2BA8943-0E18-4B33-8603-3ACD8CCAA40F}.Ad-Hoc|x64.Build.0 = Release|Any CPU
		{B2BA8943-0E18-4B33-8603-3ACD8CCAA40F}.Ad-Hoc|x64.Deploy.0 = Release|Any CPU
		{B2BA8943-0E18-4B33-8603-3ACD8CCAA40F}.Ad-Hoc|x86.ActiveCfg = Release|Any CPU
		{B2BA8943-0E18-4B33-8603-3ACD8CCAA40F}.Ad-Hoc|x86.Build.0 = Release|Any CPU
		{B2BA8943-0E18-4B33-8603-3ACD8CCAA40F}.Ad-Hoc|x86.Deploy.0 = Release|Any CPU
		{B2BA8943-0E18-4B33-8603-3ACD8CCAA40F}.AppStore|Any CPU.ActiveCfg = Release|Any CPU
		{B2BA8943-0E18-4B33-8603-3ACD8CCAA40F}.AppStore|Any CPU.Build.0 = Release|Any CPU
		{B2BA8943-0E18-4B33-8603-3ACD8CCAA40F}.AppStore|Any CPU.Deploy.0 = Release|Any CPU
		{B2BA8943-0E18-4B33-8603-3ACD8CCAA40F}.AppStore|ARM.ActiveCfg = Release|Any CPU
		{B2BA8943-0E18-4B33-8603-3ACD8CCAA40F}.AppStore|ARM.Build.0 = Release|Any CPU
		{B2BA8943-0E18-4B33-8603-3ACD8CCAA40F}.AppStore|ARM.Deploy.0 = Release|Any CPU
		{B2BA8943-0E18-4B33-8603-3ACD8CCAA40F}.AppStore|iPhone.ActiveCfg = Release|Any CPU
		{B2BA8943-0E18-4B33-8603-3ACD8CCAA40F}.AppStore|iPhone.Build.0 = Release|Any CPU
		{B2BA8943-0E18-4B33-8603-3ACD8CCAA40F}.AppStore|iPhone.Deploy.0 = Release|Any CPU
		{B2BA8943-0E18-4B33-8603-3ACD8CCAA40F}.AppStore|iPhoneSimulator.ActiveCfg = Release|Any CPU
		{B2BA8943-0E18-4B33-8603-3ACD8CCAA40F}.AppStore|iPhoneSimulator.Build.0 = Release|Any CPU
		{B2BA8943-0E18-4B33-8603-3ACD8CCAA40F}.AppStore|iPhoneSimulator.Deploy.0 = Release|Any CPU
		{B2BA8943-0E18-4B33-8603-3ACD8CCAA40F}.AppStore|x64.ActiveCfg = Release|Any CPU
		{B2BA8943-0E18-4B33-8603-3ACD8CCAA40F}.AppStore|x64.Build.0 = Release|Any CPU
		{B2BA8943-0E18-4B33-8603-3ACD8CCAA40F}.AppStore|x64.Deploy.0 = Release|Any CPU
		{B2BA8943-0E18-4B33-8603-3ACD8CCAA40F}.AppStore|x86.ActiveCfg = Release|Any CPU
		{B2BA8943-0E18-4B33-8603-3ACD8CCAA40F}.AppStore|x86.Build.0 = Release|Any CPU
		{B2BA8943-0E18-4B33-8603-3ACD8CCAA40F}.AppStore|x86.Deploy.0 = Release|Any CPU
		{B2BA8943-0E18-4B33-8603-3ACD8CCAA40F}.Debug|Any CPU.ActiveCfg = Debug|Any CPU
		{B2BA8943-0E18-4B33-8603-3ACD8CCAA40F}.Debug|Any CPU.Build.0 = Debug|Any CPU
		{B2BA8943-0E18-4B33-8603-3ACD8CCAA40F}.Debug|Any CPU.Deploy.0 = Debug|Any CPU
		{B2BA8943-0E18-4B33-8603-3ACD8CCAA40F}.Debug|ARM.ActiveCfg = Debug|Any CPU
		{B2BA8943-0E18-4B33-8603-3ACD8CCAA40F}.Debug|ARM.Build.0 = Debug|Any CPU
		{B2BA8943-0E18-4B33-8603-3ACD8CCAA40F}.Debug|ARM.Deploy.0 = Debug|Any CPU
		{B2BA8943-0E18-4B33-8603-3ACD8CCAA40F}.Debug|iPhone.ActiveCfg = Debug|Any CPU
		{B2BA8943-0E18-4B33-8603-3ACD8CCAA40F}.Debug|iPhone.Build.0 = Debug|Any CPU
		{B2BA8943-0E18-4B33-8603-3ACD8CCAA40F}.Debug|iPhone.Deploy.0 = Debug|Any CPU
		{B2BA8943-0E18-4B33-8603-3ACD8CCAA40F}.Debug|iPhoneSimulator.ActiveCfg = Debug|Any CPU
		{B2BA8943-0E18-4B33-8603-3ACD8CCAA40F}.Debug|iPhoneSimulator.Build.0 = Debug|Any CPU
		{B2BA8943-0E18-4B33-8603-3ACD8CCAA40F}.Debug|iPhoneSimulator.Deploy.0 = Debug|Any CPU
		{B2BA8943-0E18-4B33-8603-3ACD8CCAA40F}.Debug|x64.ActiveCfg = Debug|Any CPU
		{B2BA8943-0E18-4B33-8603-3ACD8CCAA40F}.Debug|x64.Build.0 = Debug|Any CPU
		{B2BA8943-0E18-4B33-8603-3ACD8CCAA40F}.Debug|x64.Deploy.0 = Debug|Any CPU
		{B2BA8943-0E18-4B33-8603-3ACD8CCAA40F}.Debug|x86.ActiveCfg = Debug|Any CPU
		{B2BA8943-0E18-4B33-8603-3ACD8CCAA40F}.Debug|x86.Build.0 = Debug|Any CPU
		{B2BA8943-0E18-4B33-8603-3ACD8CCAA40F}.Debug|x86.Deploy.0 = Debug|Any CPU
		{B2BA8943-0E18-4B33-8603-3ACD8CCAA40F}.Release|Any CPU.ActiveCfg = Release|Any CPU
		{B2BA8943-0E18-4B33-8603-3ACD8CCAA40F}.Release|Any CPU.Build.0 = Release|Any CPU
		{B2BA8943-0E18-4B33-8603-3ACD8CCAA40F}.Release|Any CPU.Deploy.0 = Release|Any CPU
		{B2BA8943-0E18-4B33-8603-3ACD8CCAA40F}.Release|ARM.ActiveCfg = Release|Any CPU
		{B2BA8943-0E18-4B33-8603-3ACD8CCAA40F}.Release|ARM.Build.0 = Release|Any CPU
		{B2BA8943-0E18-4B33-8603-3ACD8CCAA40F}.Release|ARM.Deploy.0 = Release|Any CPU
		{B2BA8943-0E18-4B33-8603-3ACD8CCAA40F}.Release|iPhone.ActiveCfg = Release|Any CPU
		{B2BA8943-0E18-4B33-8603-3ACD8CCAA40F}.Release|iPhone.Build.0 = Release|Any CPU
		{B2BA8943-0E18-4B33-8603-3ACD8CCAA40F}.Release|iPhone.Deploy.0 = Release|Any CPU
		{B2BA8943-0E18-4B33-8603-3ACD8CCAA40F}.Release|iPhoneSimulator.ActiveCfg = Release|Any CPU
		{B2BA8943-0E18-4B33-8603-3ACD8CCAA40F}.Release|iPhoneSimulator.Build.0 = Release|Any CPU
		{B2BA8943-0E18-4B33-8603-3ACD8CCAA40F}.Release|iPhoneSimulator.Deploy.0 = Release|Any CPU
		{B2BA8943-0E18-4B33-8603-3ACD8CCAA40F}.Release|x64.ActiveCfg = Release|Any CPU
		{B2BA8943-0E18-4B33-8603-3ACD8CCAA40F}.Release|x64.Build.0 = Release|Any CPU
		{B2BA8943-0E18-4B33-8603-3ACD8CCAA40F}.Release|x64.Deploy.0 = Release|Any CPU
		{B2BA8943-0E18-4B33-8603-3ACD8CCAA40F}.Release|x86.ActiveCfg = Release|Any CPU
		{B2BA8943-0E18-4B33-8603-3ACD8CCAA40F}.Release|x86.Build.0 = Release|Any CPU
		{B2BA8943-0E18-4B33-8603-3ACD8CCAA40F}.Release|x86.Deploy.0 = Release|Any CPU
		{A3119222-0737-4BD8-AE6D-466FEB68840F}.Ad-Hoc|Any CPU.ActiveCfg = Debug|Any CPU
		{A3119222-0737-4BD8-AE6D-466FEB68840F}.Ad-Hoc|Any CPU.Build.0 = Debug|Any CPU
		{A3119222-0737-4BD8-AE6D-466FEB68840F}.Ad-Hoc|ARM.ActiveCfg = Debug|Any CPU
		{A3119222-0737-4BD8-AE6D-466FEB68840F}.Ad-Hoc|ARM.Build.0 = Debug|Any CPU
		{A3119222-0737-4BD8-AE6D-466FEB68840F}.Ad-Hoc|iPhone.ActiveCfg = Debug|Any CPU
		{A3119222-0737-4BD8-AE6D-466FEB68840F}.Ad-Hoc|iPhone.Build.0 = Debug|Any CPU
		{A3119222-0737-4BD8-AE6D-466FEB68840F}.Ad-Hoc|iPhoneSimulator.ActiveCfg = Debug|Any CPU
		{A3119222-0737-4BD8-AE6D-466FEB68840F}.Ad-Hoc|iPhoneSimulator.Build.0 = Debug|Any CPU
		{A3119222-0737-4BD8-AE6D-466FEB68840F}.Ad-Hoc|x64.ActiveCfg = Debug|Any CPU
		{A3119222-0737-4BD8-AE6D-466FEB68840F}.Ad-Hoc|x64.Build.0 = Debug|Any CPU
		{A3119222-0737-4BD8-AE6D-466FEB68840F}.Ad-Hoc|x86.ActiveCfg = Debug|Any CPU
		{A3119222-0737-4BD8-AE6D-466FEB68840F}.Ad-Hoc|x86.Build.0 = Debug|Any CPU
		{A3119222-0737-4BD8-AE6D-466FEB68840F}.AppStore|Any CPU.ActiveCfg = Debug|Any CPU
		{A3119222-0737-4BD8-AE6D-466FEB68840F}.AppStore|Any CPU.Build.0 = Debug|Any CPU
		{A3119222-0737-4BD8-AE6D-466FEB68840F}.AppStore|ARM.ActiveCfg = Debug|Any CPU
		{A3119222-0737-4BD8-AE6D-466FEB68840F}.AppStore|ARM.Build.0 = Debug|Any CPU
		{A3119222-0737-4BD8-AE6D-466FEB68840F}.AppStore|iPhone.ActiveCfg = Debug|Any CPU
		{A3119222-0737-4BD8-AE6D-466FEB68840F}.AppStore|iPhone.Build.0 = Debug|Any CPU
		{A3119222-0737-4BD8-AE6D-466FEB68840F}.AppStore|iPhoneSimulator.ActiveCfg = Debug|Any CPU
		{A3119222-0737-4BD8-AE6D-466FEB68840F}.AppStore|iPhoneSimulator.Build.0 = Debug|Any CPU
		{A3119222-0737-4BD8-AE6D-466FEB68840F}.AppStore|x64.ActiveCfg = Debug|Any CPU
		{A3119222-0737-4BD8-AE6D-466FEB68840F}.AppStore|x64.Build.0 = Debug|Any CPU
		{A3119222-0737-4BD8-AE6D-466FEB68840F}.AppStore|x86.ActiveCfg = Debug|Any CPU
		{A3119222-0737-4BD8-AE6D-466FEB68840F}.AppStore|x86.Build.0 = Debug|Any CPU
		{A3119222-0737-4BD8-AE6D-466FEB68840F}.Debug|Any CPU.ActiveCfg = Debug|Any CPU
		{A3119222-0737-4BD8-AE6D-466FEB68840F}.Debug|Any CPU.Build.0 = Debug|Any CPU
		{A3119222-0737-4BD8-AE6D-466FEB68840F}.Debug|ARM.ActiveCfg = Debug|Any CPU
		{A3119222-0737-4BD8-AE6D-466FEB68840F}.Debug|ARM.Build.0 = Debug|Any CPU
		{A3119222-0737-4BD8-AE6D-466FEB68840F}.Debug|iPhone.ActiveCfg = Debug|Any CPU
		{A3119222-0737-4BD8-AE6D-466FEB68840F}.Debug|iPhone.Build.0 = Debug|Any CPU
		{A3119222-0737-4BD8-AE6D-466FEB68840F}.Debug|iPhoneSimulator.ActiveCfg = Debug|Any CPU
		{A3119222-0737-4BD8-AE6D-466FEB68840F}.Debug|iPhoneSimulator.Build.0 = Debug|Any CPU
		{A3119222-0737-4BD8-AE6D-466FEB68840F}.Debug|x64.ActiveCfg = Debug|Any CPU
		{A3119222-0737-4BD8-AE6D-466FEB68840F}.Debug|x64.Build.0 = Debug|Any CPU
		{A3119222-0737-4BD8-AE6D-466FEB68840F}.Debug|x86.ActiveCfg = Debug|Any CPU
		{A3119222-0737-4BD8-AE6D-466FEB68840F}.Debug|x86.Build.0 = Debug|Any CPU
		{A3119222-0737-4BD8-AE6D-466FEB68840F}.Release|Any CPU.ActiveCfg = Release|Any CPU
		{A3119222-0737-4BD8-AE6D-466FEB68840F}.Release|Any CPU.Build.0 = Release|Any CPU
		{A3119222-0737-4BD8-AE6D-466FEB68840F}.Release|ARM.ActiveCfg = Release|Any CPU
		{A3119222-0737-4BD8-AE6D-466FEB68840F}.Release|ARM.Build.0 = Release|Any CPU
		{A3119222-0737-4BD8-AE6D-466FEB68840F}.Release|iPhone.ActiveCfg = Release|Any CPU
		{A3119222-0737-4BD8-AE6D-466FEB68840F}.Release|iPhone.Build.0 = Release|Any CPU
		{A3119222-0737-4BD8-AE6D-466FEB68840F}.Release|iPhoneSimulator.ActiveCfg = Release|Any CPU
		{A3119222-0737-4BD8-AE6D-466FEB68840F}.Release|iPhoneSimulator.Build.0 = Release|Any CPU
		{A3119222-0737-4BD8-AE6D-466FEB68840F}.Release|x64.ActiveCfg = Release|Any CPU
		{A3119222-0737-4BD8-AE6D-466FEB68840F}.Release|x64.Build.0 = Release|Any CPU
		{A3119222-0737-4BD8-AE6D-466FEB68840F}.Release|x86.ActiveCfg = Release|Any CPU
		{A3119222-0737-4BD8-AE6D-466FEB68840F}.Release|x86.Build.0 = Release|Any CPU
		{9C15D3EB-4FB8-44C3-9F53-85A95117E566}.Ad-Hoc|Any CPU.ActiveCfg = Ad-Hoc|iPhone
		{9C15D3EB-4FB8-44C3-9F53-85A95117E566}.Ad-Hoc|ARM.ActiveCfg = Ad-Hoc|iPhone
		{9C15D3EB-4FB8-44C3-9F53-85A95117E566}.Ad-Hoc|iPhone.ActiveCfg = Ad-Hoc|iPhone
		{9C15D3EB-4FB8-44C3-9F53-85A95117E566}.Ad-Hoc|iPhone.Build.0 = Ad-Hoc|iPhone
		{9C15D3EB-4FB8-44C3-9F53-85A95117E566}.Ad-Hoc|iPhoneSimulator.ActiveCfg = Ad-Hoc|iPhoneSimulator
		{9C15D3EB-4FB8-44C3-9F53-85A95117E566}.Ad-Hoc|iPhoneSimulator.Build.0 = Ad-Hoc|iPhoneSimulator
		{9C15D3EB-4FB8-44C3-9F53-85A95117E566}.Ad-Hoc|x64.ActiveCfg = Ad-Hoc|iPhone
		{9C15D3EB-4FB8-44C3-9F53-85A95117E566}.Ad-Hoc|x86.ActiveCfg = Ad-Hoc|iPhone
		{9C15D3EB-4FB8-44C3-9F53-85A95117E566}.AppStore|Any CPU.ActiveCfg = AppStore|iPhone
		{9C15D3EB-4FB8-44C3-9F53-85A95117E566}.AppStore|ARM.ActiveCfg = AppStore|iPhone
		{9C15D3EB-4FB8-44C3-9F53-85A95117E566}.AppStore|iPhone.ActiveCfg = AppStore|iPhone
		{9C15D3EB-4FB8-44C3-9F53-85A95117E566}.AppStore|iPhone.Build.0 = AppStore|iPhone
		{9C15D3EB-4FB8-44C3-9F53-85A95117E566}.AppStore|iPhoneSimulator.ActiveCfg = AppStore|iPhoneSimulator
		{9C15D3EB-4FB8-44C3-9F53-85A95117E566}.AppStore|iPhoneSimulator.Build.0 = AppStore|iPhoneSimulator
		{9C15D3EB-4FB8-44C3-9F53-85A95117E566}.AppStore|x64.ActiveCfg = AppStore|iPhone
		{9C15D3EB-4FB8-44C3-9F53-85A95117E566}.AppStore|x86.ActiveCfg = AppStore|iPhone
		{9C15D3EB-4FB8-44C3-9F53-85A95117E566}.Debug|Any CPU.ActiveCfg = Debug|iPhone
		{9C15D3EB-4FB8-44C3-9F53-85A95117E566}.Debug|ARM.ActiveCfg = Debug|iPhone
		{9C15D3EB-4FB8-44C3-9F53-85A95117E566}.Debug|iPhone.ActiveCfg = Debug|iPhone
		{9C15D3EB-4FB8-44C3-9F53-85A95117E566}.Debug|iPhone.Build.0 = Debug|iPhone
		{9C15D3EB-4FB8-44C3-9F53-85A95117E566}.Debug|iPhoneSimulator.ActiveCfg = Debug|iPhoneSimulator
		{9C15D3EB-4FB8-44C3-9F53-85A95117E566}.Debug|iPhoneSimulator.Build.0 = Debug|iPhoneSimulator
		{9C15D3EB-4FB8-44C3-9F53-85A95117E566}.Debug|x64.ActiveCfg = Debug|iPhone
		{9C15D3EB-4FB8-44C3-9F53-85A95117E566}.Debug|x86.ActiveCfg = Debug|iPhone
		{9C15D3EB-4FB8-44C3-9F53-85A95117E566}.Release|Any CPU.ActiveCfg = Release|iPhone
		{9C15D3EB-4FB8-44C3-9F53-85A95117E566}.Release|ARM.ActiveCfg = Release|iPhone
		{9C15D3EB-4FB8-44C3-9F53-85A95117E566}.Release|iPhone.ActiveCfg = Release|iPhone
		{9C15D3EB-4FB8-44C3-9F53-85A95117E566}.Release|iPhone.Build.0 = Release|iPhone
		{9C15D3EB-4FB8-44C3-9F53-85A95117E566}.Release|iPhoneSimulator.ActiveCfg = Release|iPhoneSimulator
		{9C15D3EB-4FB8-44C3-9F53-85A95117E566}.Release|iPhoneSimulator.Build.0 = Release|iPhoneSimulator
		{9C15D3EB-4FB8-44C3-9F53-85A95117E566}.Release|x64.ActiveCfg = Release|iPhone
		{9C15D3EB-4FB8-44C3-9F53-85A95117E566}.Release|x86.ActiveCfg = Release|iPhone
		{FC53661D-701E-4F1F-9B3E-5ED64013E1C2}.Ad-Hoc|Any CPU.ActiveCfg = Release|x86
		{FC53661D-701E-4F1F-9B3E-5ED64013E1C2}.Ad-Hoc|Any CPU.Build.0 = Release|x86
		{FC53661D-701E-4F1F-9B3E-5ED64013E1C2}.Ad-Hoc|Any CPU.Deploy.0 = Release|x86
		{FC53661D-701E-4F1F-9B3E-5ED64013E1C2}.Ad-Hoc|ARM.ActiveCfg = Release|ARM
		{FC53661D-701E-4F1F-9B3E-5ED64013E1C2}.Ad-Hoc|ARM.Build.0 = Release|ARM
		{FC53661D-701E-4F1F-9B3E-5ED64013E1C2}.Ad-Hoc|ARM.Deploy.0 = Release|ARM
		{FC53661D-701E-4F1F-9B3E-5ED64013E1C2}.Ad-Hoc|iPhone.ActiveCfg = Release|x86
		{FC53661D-701E-4F1F-9B3E-5ED64013E1C2}.Ad-Hoc|iPhone.Build.0 = Release|x86
		{FC53661D-701E-4F1F-9B3E-5ED64013E1C2}.Ad-Hoc|iPhone.Deploy.0 = Release|x86
		{FC53661D-701E-4F1F-9B3E-5ED64013E1C2}.Ad-Hoc|iPhoneSimulator.ActiveCfg = Release|x86
		{FC53661D-701E-4F1F-9B3E-5ED64013E1C2}.Ad-Hoc|iPhoneSimulator.Build.0 = Release|x86
		{FC53661D-701E-4F1F-9B3E-5ED64013E1C2}.Ad-Hoc|iPhoneSimulator.Deploy.0 = Release|x86
		{FC53661D-701E-4F1F-9B3E-5ED64013E1C2}.Ad-Hoc|x64.ActiveCfg = Release|x64
		{FC53661D-701E-4F1F-9B3E-5ED64013E1C2}.Ad-Hoc|x64.Build.0 = Release|x64
		{FC53661D-701E-4F1F-9B3E-5ED64013E1C2}.Ad-Hoc|x64.Deploy.0 = Release|x64
		{FC53661D-701E-4F1F-9B3E-5ED64013E1C2}.Ad-Hoc|x86.ActiveCfg = Release|x86
		{FC53661D-701E-4F1F-9B3E-5ED64013E1C2}.Ad-Hoc|x86.Build.0 = Release|x86
		{FC53661D-701E-4F1F-9B3E-5ED64013E1C2}.Ad-Hoc|x86.Deploy.0 = Release|x86
		{FC53661D-701E-4F1F-9B3E-5ED64013E1C2}.AppStore|Any CPU.ActiveCfg = Release|x86
		{FC53661D-701E-4F1F-9B3E-5ED64013E1C2}.AppStore|Any CPU.Build.0 = Release|x86
		{FC53661D-701E-4F1F-9B3E-5ED64013E1C2}.AppStore|Any CPU.Deploy.0 = Release|x86
		{FC53661D-701E-4F1F-9B3E-5ED64013E1C2}.AppStore|ARM.ActiveCfg = Release|ARM
		{FC53661D-701E-4F1F-9B3E-5ED64013E1C2}.AppStore|ARM.Build.0 = Release|ARM
		{FC53661D-701E-4F1F-9B3E-5ED64013E1C2}.AppStore|ARM.Deploy.0 = Release|ARM
		{FC53661D-701E-4F1F-9B3E-5ED64013E1C2}.AppStore|iPhone.ActiveCfg = Release|x86
		{FC53661D-701E-4F1F-9B3E-5ED64013E1C2}.AppStore|iPhone.Build.0 = Release|x86
		{FC53661D-701E-4F1F-9B3E-5ED64013E1C2}.AppStore|iPhone.Deploy.0 = Release|x86
		{FC53661D-701E-4F1F-9B3E-5ED64013E1C2}.AppStore|iPhoneSimulator.ActiveCfg = Release|x86
		{FC53661D-701E-4F1F-9B3E-5ED64013E1C2}.AppStore|iPhoneSimulator.Build.0 = Release|x86
		{FC53661D-701E-4F1F-9B3E-5ED64013E1C2}.AppStore|iPhoneSimulator.Deploy.0 = Release|x86
		{FC53661D-701E-4F1F-9B3E-5ED64013E1C2}.AppStore|x64.ActiveCfg = Release|x64
		{FC53661D-701E-4F1F-9B3E-5ED64013E1C2}.AppStore|x64.Build.0 = Release|x64
		{FC53661D-701E-4F1F-9B3E-5ED64013E1C2}.AppStore|x64.Deploy.0 = Release|x64
		{FC53661D-701E-4F1F-9B3E-5ED64013E1C2}.AppStore|x86.ActiveCfg = Release|x86
		{FC53661D-701E-4F1F-9B3E-5ED64013E1C2}.AppStore|x86.Build.0 = Release|x86
		{FC53661D-701E-4F1F-9B3E-5ED64013E1C2}.AppStore|x86.Deploy.0 = Release|x86
		{FC53661D-701E-4F1F-9B3E-5ED64013E1C2}.Debug|Any CPU.ActiveCfg = Debug|x86
		{FC53661D-701E-4F1F-9B3E-5ED64013E1C2}.Debug|ARM.ActiveCfg = Debug|ARM
		{FC53661D-701E-4F1F-9B3E-5ED64013E1C2}.Debug|ARM.Build.0 = Debug|ARM
		{FC53661D-701E-4F1F-9B3E-5ED64013E1C2}.Debug|ARM.Deploy.0 = Debug|ARM
		{FC53661D-701E-4F1F-9B3E-5ED64013E1C2}.Debug|iPhone.ActiveCfg = Debug|x86
		{FC53661D-701E-4F1F-9B3E-5ED64013E1C2}.Debug|iPhoneSimulator.ActiveCfg = Debug|x86
		{FC53661D-701E-4F1F-9B3E-5ED64013E1C2}.Debug|x64.ActiveCfg = Debug|x64
		{FC53661D-701E-4F1F-9B3E-5ED64013E1C2}.Debug|x64.Build.0 = Debug|x64
		{FC53661D-701E-4F1F-9B3E-5ED64013E1C2}.Debug|x64.Deploy.0 = Debug|x64
		{FC53661D-701E-4F1F-9B3E-5ED64013E1C2}.Debug|x86.ActiveCfg = Debug|x86
		{FC53661D-701E-4F1F-9B3E-5ED64013E1C2}.Debug|x86.Build.0 = Debug|x86
		{FC53661D-701E-4F1F-9B3E-5ED64013E1C2}.Debug|x86.Deploy.0 = Debug|x86
		{FC53661D-701E-4F1F-9B3E-5ED64013E1C2}.Release|Any CPU.ActiveCfg = Release|x86
		{FC53661D-701E-4F1F-9B3E-5ED64013E1C2}.Release|ARM.ActiveCfg = Release|ARM
		{FC53661D-701E-4F1F-9B3E-5ED64013E1C2}.Release|ARM.Build.0 = Release|ARM
		{FC53661D-701E-4F1F-9B3E-5ED64013E1C2}.Release|ARM.Deploy.0 = Release|ARM
		{FC53661D-701E-4F1F-9B3E-5ED64013E1C2}.Release|iPhone.ActiveCfg = Release|x86
		{FC53661D-701E-4F1F-9B3E-5ED64013E1C2}.Release|iPhoneSimulator.ActiveCfg = Release|x86
		{FC53661D-701E-4F1F-9B3E-5ED64013E1C2}.Release|x64.ActiveCfg = Release|x64
		{FC53661D-701E-4F1F-9B3E-5ED64013E1C2}.Release|x64.Build.0 = Release|x64
		{FC53661D-701E-4F1F-9B3E-5ED64013E1C2}.Release|x64.Deploy.0 = Release|x64
		{FC53661D-701E-4F1F-9B3E-5ED64013E1C2}.Release|x86.ActiveCfg = Release|x86
		{FC53661D-701E-4F1F-9B3E-5ED64013E1C2}.Release|x86.Build.0 = Release|x86
		{FC53661D-701E-4F1F-9B3E-5ED64013E1C2}.Release|x86.Deploy.0 = Release|x86
		{F1A8B5F0-2DA6-4002-9CEB-B21F880897BD}.Ad-Hoc|Any CPU.ActiveCfg = Debug|Any CPU
		{F1A8B5F0-2DA6-4002-9CEB-B21F880897BD}.Ad-Hoc|Any CPU.Build.0 = Debug|Any CPU
		{F1A8B5F0-2DA6-4002-9CEB-B21F880897BD}.Ad-Hoc|ARM.ActiveCfg = Debug|Any CPU
		{F1A8B5F0-2DA6-4002-9CEB-B21F880897BD}.Ad-Hoc|ARM.Build.0 = Debug|Any CPU
		{F1A8B5F0-2DA6-4002-9CEB-B21F880897BD}.Ad-Hoc|iPhone.ActiveCfg = Debug|Any CPU
		{F1A8B5F0-2DA6-4002-9CEB-B21F880897BD}.Ad-Hoc|iPhone.Build.0 = Debug|Any CPU
		{F1A8B5F0-2DA6-4002-9CEB-B21F880897BD}.Ad-Hoc|iPhoneSimulator.ActiveCfg = Debug|Any CPU
		{F1A8B5F0-2DA6-4002-9CEB-B21F880897BD}.Ad-Hoc|iPhoneSimulator.Build.0 = Debug|Any CPU
		{F1A8B5F0-2DA6-4002-9CEB-B21F880897BD}.Ad-Hoc|x64.ActiveCfg = Debug|Any CPU
		{F1A8B5F0-2DA6-4002-9CEB-B21F880897BD}.Ad-Hoc|x64.Build.0 = Debug|Any CPU
		{F1A8B5F0-2DA6-4002-9CEB-B21F880897BD}.Ad-Hoc|x86.ActiveCfg = Debug|Any CPU
		{F1A8B5F0-2DA6-4002-9CEB-B21F880897BD}.Ad-Hoc|x86.Build.0 = Debug|Any CPU
		{F1A8B5F0-2DA6-4002-9CEB-B21F880897BD}.AppStore|Any CPU.ActiveCfg = Debug|Any CPU
		{F1A8B5F0-2DA6-4002-9CEB-B21F880897BD}.AppStore|Any CPU.Build.0 = Debug|Any CPU
		{F1A8B5F0-2DA6-4002-9CEB-B21F880897BD}.AppStore|ARM.ActiveCfg = Debug|Any CPU
		{F1A8B5F0-2DA6-4002-9CEB-B21F880897BD}.AppStore|ARM.Build.0 = Debug|Any CPU
		{F1A8B5F0-2DA6-4002-9CEB-B21F880897BD}.AppStore|iPhone.ActiveCfg = Debug|Any CPU
		{F1A8B5F0-2DA6-4002-9CEB-B21F880897BD}.AppStore|iPhone.Build.0 = Debug|Any CPU
		{F1A8B5F0-2DA6-4002-9CEB-B21F880897BD}.AppStore|iPhoneSimulator.ActiveCfg = Debug|Any CPU
		{F1A8B5F0-2DA6-4002-9CEB-B21F880897BD}.AppStore|iPhoneSimulator.Build.0 = Debug|Any CPU
		{F1A8B5F0-2DA6-4002-9CEB-B21F880897BD}.AppStore|x64.ActiveCfg = Debug|Any CPU
		{F1A8B5F0-2DA6-4002-9CEB-B21F880897BD}.AppStore|x64.Build.0 = Debug|Any CPU
		{F1A8B5F0-2DA6-4002-9CEB-B21F880897BD}.AppStore|x86.ActiveCfg = Debug|Any CPU
		{F1A8B5F0-2DA6-4002-9CEB-B21F880897BD}.AppStore|x86.Build.0 = Debug|Any CPU
		{F1A8B5F0-2DA6-4002-9CEB-B21F880897BD}.Debug|Any CPU.ActiveCfg = Debug|Any CPU
		{F1A8B5F0-2DA6-4002-9CEB-B21F880897BD}.Debug|Any CPU.Build.0 = Debug|Any CPU
		{F1A8B5F0-2DA6-4002-9CEB-B21F880897BD}.Debug|ARM.ActiveCfg = Debug|Any CPU
		{F1A8B5F0-2DA6-4002-9CEB-B21F880897BD}.Debug|ARM.Build.0 = Debug|Any CPU
		{F1A8B5F0-2DA6-4002-9CEB-B21F880897BD}.Debug|iPhone.ActiveCfg = Debug|Any CPU
		{F1A8B5F0-2DA6-4002-9CEB-B21F880897BD}.Debug|iPhone.Build.0 = Debug|Any CPU
		{F1A8B5F0-2DA6-4002-9CEB-B21F880897BD}.Debug|iPhoneSimulator.ActiveCfg = Debug|Any CPU
		{F1A8B5F0-2DA6-4002-9CEB-B21F880897BD}.Debug|iPhoneSimulator.Build.0 = Debug|Any CPU
		{F1A8B5F0-2DA6-4002-9CEB-B21F880897BD}.Debug|x64.ActiveCfg = Debug|Any CPU
		{F1A8B5F0-2DA6-4002-9CEB-B21F880897BD}.Debug|x64.Build.0 = Debug|Any CPU
		{F1A8B5F0-2DA6-4002-9CEB-B21F880897BD}.Debug|x86.ActiveCfg = Debug|Any CPU
		{F1A8B5F0-2DA6-4002-9CEB-B21F880897BD}.Debug|x86.Build.0 = Debug|Any CPU
		{F1A8B5F0-2DA6-4002-9CEB-B21F880897BD}.Release|Any CPU.ActiveCfg = Release|Any CPU
		{F1A8B5F0-2DA6-4002-9CEB-B21F880897BD}.Release|Any CPU.Build.0 = Release|Any CPU
		{F1A8B5F0-2DA6-4002-9CEB-B21F880897BD}.Release|ARM.ActiveCfg = Release|Any CPU
		{F1A8B5F0-2DA6-4002-9CEB-B21F880897BD}.Release|ARM.Build.0 = Release|Any CPU
		{F1A8B5F0-2DA6-4002-9CEB-B21F880897BD}.Release|iPhone.ActiveCfg = Release|Any CPU
		{F1A8B5F0-2DA6-4002-9CEB-B21F880897BD}.Release|iPhone.Build.0 = Release|Any CPU
		{F1A8B5F0-2DA6-4002-9CEB-B21F880897BD}.Release|iPhoneSimulator.ActiveCfg = Release|Any CPU
		{F1A8B5F0-2DA6-4002-9CEB-B21F880897BD}.Release|iPhoneSimulator.Build.0 = Release|Any CPU
		{F1A8B5F0-2DA6-4002-9CEB-B21F880897BD}.Release|x64.ActiveCfg = Release|Any CPU
		{F1A8B5F0-2DA6-4002-9CEB-B21F880897BD}.Release|x64.Build.0 = Release|Any CPU
		{F1A8B5F0-2DA6-4002-9CEB-B21F880897BD}.Release|x86.ActiveCfg = Release|Any CPU
		{F1A8B5F0-2DA6-4002-9CEB-B21F880897BD}.Release|x86.Build.0 = Release|Any CPU
		{56A46E1D-2183-4C36-AE3A-1A27DC592DC6}.Ad-Hoc|Any CPU.ActiveCfg = Release|Any CPU
		{56A46E1D-2183-4C36-AE3A-1A27DC592DC6}.Ad-Hoc|Any CPU.Build.0 = Release|Any CPU
		{56A46E1D-2183-4C36-AE3A-1A27DC592DC6}.Ad-Hoc|ARM.ActiveCfg = Release|Any CPU
		{56A46E1D-2183-4C36-AE3A-1A27DC592DC6}.Ad-Hoc|ARM.Build.0 = Release|Any CPU
		{56A46E1D-2183-4C36-AE3A-1A27DC592DC6}.Ad-Hoc|iPhone.ActiveCfg = Release|Any CPU
		{56A46E1D-2183-4C36-AE3A-1A27DC592DC6}.Ad-Hoc|iPhone.Build.0 = Release|Any CPU
		{56A46E1D-2183-4C36-AE3A-1A27DC592DC6}.Ad-Hoc|iPhoneSimulator.ActiveCfg = Release|Any CPU
		{56A46E1D-2183-4C36-AE3A-1A27DC592DC6}.Ad-Hoc|iPhoneSimulator.Build.0 = Release|Any CPU
		{56A46E1D-2183-4C36-AE3A-1A27DC592DC6}.Ad-Hoc|x64.ActiveCfg = Release|Any CPU
		{56A46E1D-2183-4C36-AE3A-1A27DC592DC6}.Ad-Hoc|x64.Build.0 = Release|Any CPU
		{56A46E1D-2183-4C36-AE3A-1A27DC592DC6}.Ad-Hoc|x86.ActiveCfg = Release|Any CPU
		{56A46E1D-2183-4C36-AE3A-1A27DC592DC6}.Ad-Hoc|x86.Build.0 = Release|Any CPU
		{56A46E1D-2183-4C36-AE3A-1A27DC592DC6}.AppStore|Any CPU.ActiveCfg = Release|Any CPU
		{56A46E1D-2183-4C36-AE3A-1A27DC592DC6}.AppStore|Any CPU.Build.0 = Release|Any CPU
		{56A46E1D-2183-4C36-AE3A-1A27DC592DC6}.AppStore|ARM.ActiveCfg = Release|Any CPU
		{56A46E1D-2183-4C36-AE3A-1A27DC592DC6}.AppStore|ARM.Build.0 = Release|Any CPU
		{56A46E1D-2183-4C36-AE3A-1A27DC592DC6}.AppStore|iPhone.ActiveCfg = Release|Any CPU
		{56A46E1D-2183-4C36-AE3A-1A27DC592DC6}.AppStore|iPhone.Build.0 = Release|Any CPU
		{56A46E1D-2183-4C36-AE3A-1A27DC592DC6}.AppStore|iPhoneSimulator.ActiveCfg = Release|Any CPU
		{56A46E1D-2183-4C36-AE3A-1A27DC592DC6}.AppStore|iPhoneSimulator.Build.0 = Release|Any CPU
		{56A46E1D-2183-4C36-AE3A-1A27DC592DC6}.AppStore|x64.ActiveCfg = Release|Any CPU
		{56A46E1D-2183-4C36-AE3A-1A27DC592DC6}.AppStore|x64.Build.0 = Release|Any CPU
		{56A46E1D-2183-4C36-AE3A-1A27DC592DC6}.AppStore|x86.ActiveCfg = Release|Any CPU
		{56A46E1D-2183-4C36-AE3A-1A27DC592DC6}.AppStore|x86.Build.0 = Release|Any CPU
		{56A46E1D-2183-4C36-AE3A-1A27DC592DC6}.Debug|Any CPU.ActiveCfg = Debug|Any CPU
		{56A46E1D-2183-4C36-AE3A-1A27DC592DC6}.Debug|Any CPU.Build.0 = Debug|Any CPU
		{56A46E1D-2183-4C36-AE3A-1A27DC592DC6}.Debug|ARM.ActiveCfg = Debug|Any CPU
		{56A46E1D-2183-4C36-AE3A-1A27DC592DC6}.Debug|ARM.Build.0 = Debug|Any CPU
		{56A46E1D-2183-4C36-AE3A-1A27DC592DC6}.Debug|iPhone.ActiveCfg = Debug|Any CPU
		{56A46E1D-2183-4C36-AE3A-1A27DC592DC6}.Debug|iPhone.Build.0 = Debug|Any CPU
		{56A46E1D-2183-4C36-AE3A-1A27DC592DC6}.Debug|iPhoneSimulator.ActiveCfg = Debug|Any CPU
		{56A46E1D-2183-4C36-AE3A-1A27DC592DC6}.Debug|iPhoneSimulator.Build.0 = Debug|Any CPU
		{56A46E1D-2183-4C36-AE3A-1A27DC592DC6}.Debug|x64.ActiveCfg = Debug|Any CPU
		{56A46E1D-2183-4C36-AE3A-1A27DC592DC6}.Debug|x64.Build.0 = Debug|Any CPU
		{56A46E1D-2183-4C36-AE3A-1A27DC592DC6}.Debug|x86.ActiveCfg = Debug|Any CPU
		{56A46E1D-2183-4C36-AE3A-1A27DC592DC6}.Debug|x86.Build.0 = Debug|Any CPU
		{56A46E1D-2183-4C36-AE3A-1A27DC592DC6}.Release|Any CPU.ActiveCfg = Release|Any CPU
		{56A46E1D-2183-4C36-AE3A-1A27DC592DC6}.Release|Any CPU.Build.0 = Release|Any CPU
		{56A46E1D-2183-4C36-AE3A-1A27DC592DC6}.Release|ARM.ActiveCfg = Release|Any CPU
		{56A46E1D-2183-4C36-AE3A-1A27DC592DC6}.Release|ARM.Build.0 = Release|Any CPU
		{56A46E1D-2183-4C36-AE3A-1A27DC592DC6}.Release|iPhone.ActiveCfg = Release|Any CPU
		{56A46E1D-2183-4C36-AE3A-1A27DC592DC6}.Release|iPhone.Build.0 = Release|Any CPU
		{56A46E1D-2183-4C36-AE3A-1A27DC592DC6}.Release|iPhoneSimulator.ActiveCfg = Release|Any CPU
		{56A46E1D-2183-4C36-AE3A-1A27DC592DC6}.Release|iPhoneSimulator.Build.0 = Release|Any CPU
		{56A46E1D-2183-4C36-AE3A-1A27DC592DC6}.Release|x64.ActiveCfg = Release|Any CPU
		{56A46E1D-2183-4C36-AE3A-1A27DC592DC6}.Release|x64.Build.0 = Release|Any CPU
		{56A46E1D-2183-4C36-AE3A-1A27DC592DC6}.Release|x86.ActiveCfg = Release|Any CPU
		{56A46E1D-2183-4C36-AE3A-1A27DC592DC6}.Release|x86.Build.0 = Release|Any CPU
		{BC17E729-776F-4E09-A7F2-F687A139DE26}.Ad-Hoc|Any CPU.ActiveCfg = Debug|Any CPU
		{BC17E729-776F-4E09-A7F2-F687A139DE26}.Ad-Hoc|Any CPU.Build.0 = Debug|Any CPU
		{BC17E729-776F-4E09-A7F2-F687A139DE26}.Ad-Hoc|ARM.ActiveCfg = Debug|Any CPU
		{BC17E729-776F-4E09-A7F2-F687A139DE26}.Ad-Hoc|ARM.Build.0 = Debug|Any CPU
		{BC17E729-776F-4E09-A7F2-F687A139DE26}.Ad-Hoc|iPhone.ActiveCfg = Debug|Any CPU
		{BC17E729-776F-4E09-A7F2-F687A139DE26}.Ad-Hoc|iPhone.Build.0 = Debug|Any CPU
		{BC17E729-776F-4E09-A7F2-F687A139DE26}.Ad-Hoc|iPhoneSimulator.ActiveCfg = Debug|Any CPU
		{BC17E729-776F-4E09-A7F2-F687A139DE26}.Ad-Hoc|iPhoneSimulator.Build.0 = Debug|Any CPU
		{BC17E729-776F-4E09-A7F2-F687A139DE26}.Ad-Hoc|x64.ActiveCfg = Debug|Any CPU
		{BC17E729-776F-4E09-A7F2-F687A139DE26}.Ad-Hoc|x64.Build.0 = Debug|Any CPU
		{BC17E729-776F-4E09-A7F2-F687A139DE26}.Ad-Hoc|x86.ActiveCfg = Debug|Any CPU
		{BC17E729-776F-4E09-A7F2-F687A139DE26}.Ad-Hoc|x86.Build.0 = Debug|Any CPU
		{BC17E729-776F-4E09-A7F2-F687A139DE26}.AppStore|Any CPU.ActiveCfg = Debug|Any CPU
		{BC17E729-776F-4E09-A7F2-F687A139DE26}.AppStore|Any CPU.Build.0 = Debug|Any CPU
		{BC17E729-776F-4E09-A7F2-F687A139DE26}.AppStore|ARM.ActiveCfg = Debug|Any CPU
		{BC17E729-776F-4E09-A7F2-F687A139DE26}.AppStore|ARM.Build.0 = Debug|Any CPU
		{BC17E729-776F-4E09-A7F2-F687A139DE26}.AppStore|iPhone.ActiveCfg = Debug|Any CPU
		{BC17E729-776F-4E09-A7F2-F687A139DE26}.AppStore|iPhone.Build.0 = Debug|Any CPU
		{BC17E729-776F-4E09-A7F2-F687A139DE26}.AppStore|iPhoneSimulator.ActiveCfg = Debug|Any CPU
		{BC17E729-776F-4E09-A7F2-F687A139DE26}.AppStore|iPhoneSimulator.Build.0 = Debug|Any CPU
		{BC17E729-776F-4E09-A7F2-F687A139DE26}.AppStore|x64.ActiveCfg = Debug|Any CPU
		{BC17E729-776F-4E09-A7F2-F687A139DE26}.AppStore|x64.Build.0 = Debug|Any CPU
		{BC17E729-776F-4E09-A7F2-F687A139DE26}.AppStore|x86.ActiveCfg = Debug|Any CPU
		{BC17E729-776F-4E09-A7F2-F687A139DE26}.AppStore|x86.Build.0 = Debug|Any CPU
		{BC17E729-776F-4E09-A7F2-F687A139DE26}.Debug|Any CPU.ActiveCfg = Debug|Any CPU
		{BC17E729-776F-4E09-A7F2-F687A139DE26}.Debug|Any CPU.Build.0 = Debug|Any CPU
		{BC17E729-776F-4E09-A7F2-F687A139DE26}.Debug|ARM.ActiveCfg = Debug|Any CPU
		{BC17E729-776F-4E09-A7F2-F687A139DE26}.Debug|ARM.Build.0 = Debug|Any CPU
		{BC17E729-776F-4E09-A7F2-F687A139DE26}.Debug|iPhone.ActiveCfg = Debug|Any CPU
		{BC17E729-776F-4E09-A7F2-F687A139DE26}.Debug|iPhone.Build.0 = Debug|Any CPU
		{BC17E729-776F-4E09-A7F2-F687A139DE26}.Debug|iPhoneSimulator.ActiveCfg = Debug|Any CPU
		{BC17E729-776F-4E09-A7F2-F687A139DE26}.Debug|iPhoneSimulator.Build.0 = Debug|Any CPU
		{BC17E729-776F-4E09-A7F2-F687A139DE26}.Debug|x64.ActiveCfg = Debug|Any CPU
		{BC17E729-776F-4E09-A7F2-F687A139DE26}.Debug|x64.Build.0 = Debug|Any CPU
		{BC17E729-776F-4E09-A7F2-F687A139DE26}.Debug|x86.ActiveCfg = Debug|Any CPU
		{BC17E729-776F-4E09-A7F2-F687A139DE26}.Debug|x86.Build.0 = Debug|Any CPU
		{BC17E729-776F-4E09-A7F2-F687A139DE26}.Release|Any CPU.ActiveCfg = Release|Any CPU
		{BC17E729-776F-4E09-A7F2-F687A139DE26}.Release|Any CPU.Build.0 = Release|Any CPU
		{BC17E729-776F-4E09-A7F2-F687A139DE26}.Release|ARM.ActiveCfg = Release|Any CPU
		{BC17E729-776F-4E09-A7F2-F687A139DE26}.Release|ARM.Build.0 = Release|Any CPU
		{BC17E729-776F-4E09-A7F2-F687A139DE26}.Release|iPhone.ActiveCfg = Release|Any CPU
		{BC17E729-776F-4E09-A7F2-F687A139DE26}.Release|iPhone.Build.0 = Release|Any CPU
		{BC17E729-776F-4E09-A7F2-F687A139DE26}.Release|iPhoneSimulator.ActiveCfg = Release|Any CPU
		{BC17E729-776F-4E09-A7F2-F687A139DE26}.Release|iPhoneSimulator.Build.0 = Release|Any CPU
		{BC17E729-776F-4E09-A7F2-F687A139DE26}.Release|x64.ActiveCfg = Release|Any CPU
		{BC17E729-776F-4E09-A7F2-F687A139DE26}.Release|x64.Build.0 = Release|Any CPU
		{BC17E729-776F-4E09-A7F2-F687A139DE26}.Release|x86.ActiveCfg = Release|Any CPU
		{BC17E729-776F-4E09-A7F2-F687A139DE26}.Release|x86.Build.0 = Release|Any CPU
	EndGlobalSection
	GlobalSection(SolutionProperties) = preSolution
		HideSolutionNode = FALSE
	EndGlobalSection
	GlobalSection(NestedProjects) = preSolution
		{EA91CB9D-339A-410E-8EF0-8B765D3BFE3C} = {34894015-719F-4F31-905E-276F6B42E86E}
		{8F2C43E8-9618-4733-A0A8-5DE90782DF0F} = {8401CC77-D72B-40D4-85E2-C699DBACB397}
		{A92C8CD7-6A47-4969-BEFA-0919561F3947} = {34894015-719F-4F31-905E-276F6B42E86E}
		{7D31449F-EC13-44F5-8AA8-0C5CC928FBD9} = {8401CC77-D72B-40D4-85E2-C699DBACB397}
		{4B54B117-44FE-46F9-977E-7D5772DA5D3F} = {8401CC77-D72B-40D4-85E2-C699DBACB397}
		{E8A4C08D-1911-4721-9513-08C5FF0846E3} = {34894015-719F-4F31-905E-276F6B42E86E}
		{5D12F957-A5A3-4089-B92A-5F7C8B7F3B92} = {8770D550-16AF-47CC-8BAD-1A848E9627CD}
		{B2BA8943-0E18-4B33-8603-3ACD8CCAA40F} = {8770D550-16AF-47CC-8BAD-1A848E9627CD}
		{A3119222-0737-4BD8-AE6D-466FEB68840F} = {8770D550-16AF-47CC-8BAD-1A848E9627CD}
		{9C15D3EB-4FB8-44C3-9F53-85A95117E566} = {8770D550-16AF-47CC-8BAD-1A848E9627CD}
		{FC53661D-701E-4F1F-9B3E-5ED64013E1C2} = {8770D550-16AF-47CC-8BAD-1A848E9627CD}
		{F1A8B5F0-2DA6-4002-9CEB-B21F880897BD} = {8401CC77-D72B-40D4-85E2-C699DBACB397}
		{56A46E1D-2183-4C36-AE3A-1A27DC592DC6} = {34894015-719F-4F31-905E-276F6B42E86E}
		{BC17E729-776F-4E09-A7F2-F687A139DE26} = {8401CC77-D72B-40D4-85E2-C699DBACB397}
	EndGlobalSection
	GlobalSection(ExtensibilityGlobals) = postSolution
		SolutionGuid = {B9A5B16B-3153-4FAA-B47A-EBD165657238}
	EndGlobalSection
EndGlobal
